{
  "name": "fork-off-substrate",
  "version": "1.0.0",
  "lockfileVersion": 1,
  "requires": true,
  "dependencies": {
    "@babel/runtime": {
      "version": "7.20.7",
      "resolved": "https://registry.npmjs.org/@babel/runtime/-/runtime-7.20.7.tgz",
      "integrity": "sha512-UF0tvkUtxwAgZ5W/KrkHf0Rn0fdnLDU9ScxBrEVNUprE/MzirjK4MJUX1/BVDv00Sv8cljtukVK1aky++X1SjQ==",
      "requires": {
        "regenerator-runtime": "^0.13.11"
      }
    },
    "@noble/hashes": {
      "version": "1.1.5",
      "resolved": "https://registry.npmjs.org/@noble/hashes/-/hashes-1.1.5.tgz",
      "integrity": "sha512-LTMZiiLc+V4v1Yi16TD6aX2gmtKszNye0pQgbaLqkvhIqP7nVsSaJsWloGQjJfJ8offaoP5GtX3yY5swbcJxxQ=="
    },
    "@noble/secp256k1": {
      "version": "1.7.0",
      "resolved": "https://registry.npmjs.org/@noble/secp256k1/-/secp256k1-1.7.0.tgz",
      "integrity": "sha512-kbacwGSsH/CTout0ZnZWxnW1B+jH/7r/WAAKLBtrRJ/+CUH7lgmQzl3GTrQua3SGKWNSDsS6lmjnDpIJ5Dxyaw=="
    },
    "@polkadot/api": {
      "version": "9.11.1",
      "resolved": "https://registry.npmjs.org/@polkadot/api/-/api-9.11.1.tgz",
      "integrity": "sha512-g1xpXpwtxQ1nlvESmolxVqXQmRq6FbGrVZmhA9w4EvkEV1PXUbngz/yCJi52RlGeYNRhv6d7SwvlWLHm80Fu9Q==",
      "requires": {
        "@babel/runtime": "^7.20.7",
        "@polkadot/api-augment": "9.11.1",
        "@polkadot/api-base": "9.11.1",
        "@polkadot/api-derive": "9.11.1",
        "@polkadot/keyring": "^10.2.3",
        "@polkadot/rpc-augment": "9.11.1",
        "@polkadot/rpc-core": "9.11.1",
        "@polkadot/rpc-provider": "9.11.1",
        "@polkadot/types": "9.11.1",
        "@polkadot/types-augment": "9.11.1",
        "@polkadot/types-codec": "9.11.1",
        "@polkadot/types-create": "9.11.1",
        "@polkadot/types-known": "9.11.1",
        "@polkadot/util": "^10.2.3",
        "@polkadot/util-crypto": "^10.2.3",
        "eventemitter3": "^4.0.7",
        "rxjs": "^7.8.0"
      }
    },
    "@polkadot/api-augment": {
      "version": "9.11.1",
      "resolved": "https://registry.npmjs.org/@polkadot/api-augment/-/api-augment-9.11.1.tgz",
      "integrity": "sha512-heQFPjliNAOPNkHu01Fm+8i8aNynL7JUfHrfkbb1zTFAW6dN2x3SfrsaV7UpzJCK2/aghY9LOpayehZvFSy3og==",
      "requires": {
        "@babel/runtime": "^7.20.7",
        "@polkadot/api-base": "9.11.1",
        "@polkadot/rpc-augment": "9.11.1",
        "@polkadot/types": "9.11.1",
        "@polkadot/types-augment": "9.11.1",
        "@polkadot/types-codec": "9.11.1",
        "@polkadot/util": "^10.2.3"
      }
    },
    "@polkadot/api-base": {
      "version": "9.11.1",
      "resolved": "https://registry.npmjs.org/@polkadot/api-base/-/api-base-9.11.1.tgz",
      "integrity": "sha512-4z4ttJKD3mPD/khPjr3CtolxtV+gbXJtSJLMMFIoNkLd3TnC7cqzerWJoLnQatPQMWgyH9byXGqnAgYaJlOiiQ==",
      "requires": {
        "@babel/runtime": "^7.20.7",
        "@polkadot/rpc-core": "9.11.1",
        "@polkadot/types": "9.11.1",
        "@polkadot/util": "^10.2.3",
        "rxjs": "^7.8.0"
      }
    },
    "@polkadot/api-derive": {
      "version": "9.11.1",
      "resolved": "https://registry.npmjs.org/@polkadot/api-derive/-/api-derive-9.11.1.tgz",
      "integrity": "sha512-xQRNBvciqEgW3TB3XJlYkL8NgoUEI/fYlEVIbkm+CjS5+M/p+GFm+Reog0rwSIip8JeGL5OTOQVOt4GL99rb2A==",
      "requires": {
        "@babel/runtime": "^7.20.7",
        "@polkadot/api": "9.11.1",
        "@polkadot/api-augment": "9.11.1",
        "@polkadot/api-base": "9.11.1",
        "@polkadot/rpc-core": "9.11.1",
        "@polkadot/types": "9.11.1",
        "@polkadot/types-codec": "9.11.1",
        "@polkadot/util": "^10.2.3",
        "@polkadot/util-crypto": "^10.2.3",
        "rxjs": "^7.8.0"
      }
    },
    "@polkadot/keyring": {
      "version": "10.2.3",
      "resolved": "https://registry.npmjs.org/@polkadot/keyring/-/keyring-10.2.3.tgz",
      "integrity": "sha512-OCOfkhqXu9j0g1T6u1bg1Qo/JJS8ng1M1Qv+rfpxDFYGz26T81SOT0caxsOvF6MzBBYm0l0d9sAYB62mQYuWCA==",
      "requires": {
        "@babel/runtime": "^7.20.7",
        "@polkadot/util": "10.2.3",
        "@polkadot/util-crypto": "10.2.3"
      }
    },
    "@polkadot/networks": {
      "version": "10.2.3",
      "resolved": "https://registry.npmjs.org/@polkadot/networks/-/networks-10.2.3.tgz",
      "integrity": "sha512-YE2/UzrYrf8IZpZ4jfK7rWJdXjW10ISqlePzDx02BCkEB7GZj9al9c3m+lJPaqmpwcGPZpn0UVw6UtBSIt4pNA==",
      "requires": {
        "@babel/runtime": "^7.20.7",
        "@polkadot/util": "10.2.3",
        "@substrate/ss58-registry": "^1.37.0"
      }
    },
    "@polkadot/rpc-augment": {
      "version": "9.11.1",
      "resolved": "https://registry.npmjs.org/@polkadot/rpc-augment/-/rpc-augment-9.11.1.tgz",
      "integrity": "sha512-LZU73uSlsv8qwq6LWxv+jmkbvBnFowfoX3Q4SRrjhOTzvo4Z62CkH/fnBsKE5FwB+baJmsL1eU6H/V8VtHoHJA==",
      "requires": {
        "@babel/runtime": "^7.20.7",
        "@polkadot/rpc-core": "9.11.1",
        "@polkadot/types": "9.11.1",
        "@polkadot/types-codec": "9.11.1",
        "@polkadot/util": "^10.2.3"
      }
    },
    "@polkadot/rpc-core": {
      "version": "9.11.1",
      "resolved": "https://registry.npmjs.org/@polkadot/rpc-core/-/rpc-core-9.11.1.tgz",
      "integrity": "sha512-OnV9Vms7CfgAvLWKm6uZCnoUDj75k2E/JaguOC2AeII4LzA4CrM2CRgLrAiaiQIQivupPxr7GjdempWdGSB/6Q==",
      "requires": {
        "@babel/runtime": "^7.20.7",
        "@polkadot/rpc-augment": "9.11.1",
        "@polkadot/rpc-provider": "9.11.1",
        "@polkadot/types": "9.11.1",
        "@polkadot/util": "^10.2.3",
        "rxjs": "^7.8.0"
      }
    },
    "@polkadot/rpc-provider": {
      "version": "9.11.1",
      "resolved": "https://registry.npmjs.org/@polkadot/rpc-provider/-/rpc-provider-9.11.1.tgz",
      "integrity": "sha512-KjUGi9yPaMb00HZVTTtjv/zQBqh8Uf6vHOEQjwM8gZi51qIgs5MMJRyiv0yFnkPtu1wNsw12SI1py0rpQT2NOA==",
      "requires": {
        "@babel/runtime": "^7.20.7",
        "@polkadot/keyring": "^10.2.3",
        "@polkadot/types": "9.11.1",
        "@polkadot/types-support": "9.11.1",
        "@polkadot/util": "^10.2.3",
        "@polkadot/util-crypto": "^10.2.3",
        "@polkadot/x-fetch": "^10.2.3",
        "@polkadot/x-global": "^10.2.3",
        "@polkadot/x-ws": "^10.2.3",
        "@substrate/connect": "0.7.18",
        "eventemitter3": "^4.0.7",
        "mock-socket": "^9.1.5",
        "nock": "^13.2.9"
      }
    },
    "@polkadot/types": {
      "version": "9.11.1",
      "resolved": "https://registry.npmjs.org/@polkadot/types/-/types-9.11.1.tgz",
      "integrity": "sha512-3uo4eoNtqjxqRudyNzGEVhQnvkAdqy5iOJZVsEKXP9/eyRupWbAHsZGxmYBuvmRIL+6Bucv/rnd4/YSTAJH7VQ==",
      "requires": {
        "@babel/runtime": "^7.20.7",
        "@polkadot/keyring": "^10.2.3",
        "@polkadot/types-augment": "9.11.1",
        "@polkadot/types-codec": "9.11.1",
        "@polkadot/types-create": "9.11.1",
        "@polkadot/util": "^10.2.3",
        "@polkadot/util-crypto": "^10.2.3",
        "rxjs": "^7.8.0"
      }
    },
    "@polkadot/types-augment": {
      "version": "9.11.1",
      "resolved": "https://registry.npmjs.org/@polkadot/types-augment/-/types-augment-9.11.1.tgz",
      "integrity": "sha512-SKafiDAfh+hDY6fz9fkuXa37/aqb+UMNv26FTfAscJJFrKxAG4QSXbcxyvWefGvMB2S7gJ59e3D33FfsuuySJA==",
      "requires": {
        "@babel/runtime": "^7.20.7",
        "@polkadot/types": "9.11.1",
        "@polkadot/types-codec": "9.11.1",
        "@polkadot/util": "^10.2.3"
      }
    },
    "@polkadot/types-codec": {
      "version": "9.11.1",
      "resolved": "https://registry.npmjs.org/@polkadot/types-codec/-/types-codec-9.11.1.tgz",
      "integrity": "sha512-RrY7+E9SapXsAjnARQqBIsCrPrCZrw3sfvAYCPGULB56j0HyX+Dut/45QBrWUiITeLdbUsbSAP5bLkQoUZOANQ==",
      "requires": {
        "@babel/runtime": "^7.20.7",
        "@polkadot/util": "^10.2.3",
        "@polkadot/x-bigint": "^10.2.3"
      }
    },
    "@polkadot/types-create": {
      "version": "9.11.1",
      "resolved": "https://registry.npmjs.org/@polkadot/types-create/-/types-create-9.11.1.tgz",
      "integrity": "sha512-y8E7rx5ZJNWtPKrrUVT7s79i+ehffMNV95DTEHtSVizFfYVXEYZuOI0/AqK2vqR93uolth18GxbcRCRZwZGFow==",
      "requires": {
        "@babel/runtime": "^7.20.7",
        "@polkadot/types-codec": "9.11.1",
        "@polkadot/util": "^10.2.3"
      }
    },
    "@polkadot/types-known": {
      "version": "9.11.1",
      "resolved": "https://registry.npmjs.org/@polkadot/types-known/-/types-known-9.11.1.tgz",
      "integrity": "sha512-DZOXhQ5ST565FijTQn4T5GglsD/g2lnOrgylCHG/U00ppN/5GJYedQZU5qQ8t4uhdBj2EVlkB7PflRNZqfkJ3w==",
      "requires": {
        "@babel/runtime": "^7.20.7",
        "@polkadot/networks": "^10.2.3",
        "@polkadot/types": "9.11.1",
        "@polkadot/types-codec": "9.11.1",
        "@polkadot/types-create": "9.11.1",
        "@polkadot/util": "^10.2.3"
      }
    },
    "@polkadot/types-support": {
      "version": "9.11.1",
      "resolved": "https://registry.npmjs.org/@polkadot/types-support/-/types-support-9.11.1.tgz",
      "integrity": "sha512-Z6NdqqLxezZBIYmNVVETwKo5r8WCCnvEzd0p/AxVGRsfkQ/Y82+GbynEgczMG7N8/cnWE0AOpDtONlVIodVHMw==",
      "requires": {
        "@babel/runtime": "^7.20.7",
        "@polkadot/util": "^10.2.3"
      }
    },
    "@polkadot/util": {
      "version": "10.2.3",
      "resolved": "https://registry.npmjs.org/@polkadot/util/-/util-10.2.3.tgz",
      "integrity": "sha512-Zs+G2iFmdG2jUXyiuBF6HMGHdpHX+58yrKPgt1S7kBBh1Odfw3GTX9vljwJ25mznkLhGBjERAmt6wNWuvPmpJA==",
      "requires": {
        "@babel/runtime": "^7.20.7",
        "@polkadot/x-bigint": "10.2.3",
        "@polkadot/x-global": "10.2.3",
        "@polkadot/x-textdecoder": "10.2.3",
        "@polkadot/x-textencoder": "10.2.3",
        "@types/bn.js": "^5.1.1",
        "bn.js": "^5.2.1"
      }
    },
    "@polkadot/util-crypto": {
      "version": "10.2.3",
      "resolved": "https://registry.npmjs.org/@polkadot/util-crypto/-/util-crypto-10.2.3.tgz",
      "integrity": "sha512-B4bl5OxZKiJfYerCcD9Ys9/zNYFLAdCM077BT9SkY6T1aJ4Lar1TW7+PekmBRQ9r/rB7hbDMG9pJIy97PVM99g==",
      "requires": {
        "@babel/runtime": "^7.20.7",
        "@noble/hashes": "1.1.5",
        "@noble/secp256k1": "1.7.0",
        "@polkadot/networks": "10.2.3",
        "@polkadot/util": "10.2.3",
        "@polkadot/wasm-crypto": "^6.4.1",
        "@polkadot/x-bigint": "10.2.3",
        "@polkadot/x-randomvalues": "10.2.3",
        "@scure/base": "1.1.1",
        "ed2curve": "^0.3.0",
        "tweetnacl": "^1.0.3"
      }
    },
    "@polkadot/wasm-bridge": {
      "version": "6.4.1",
      "resolved": "https://registry.npmjs.org/@polkadot/wasm-bridge/-/wasm-bridge-6.4.1.tgz",
      "integrity": "sha512-QZDvz6dsUlbYsaMV5biZgZWkYH9BC5AfhT0f0/knv8+LrbAoQdP3Asbvddw8vyU9sbpuCHXrd4bDLBwUCRfrBQ==",
      "requires": {
        "@babel/runtime": "^7.20.6"
      }
    },
    "@polkadot/wasm-crypto": {
      "version": "6.4.1",
      "resolved": "https://registry.npmjs.org/@polkadot/wasm-crypto/-/wasm-crypto-6.4.1.tgz",
      "integrity": "sha512-FH+dcDPdhSLJvwL0pMLtn/LIPd62QDPODZRCmDyw+pFjLOMaRBc7raomWUOqyRWJTnqVf/iscc2rLVLNMyt7ag==",
      "requires": {
        "@babel/runtime": "^7.20.6",
        "@polkadot/wasm-bridge": "6.4.1",
        "@polkadot/wasm-crypto-asmjs": "6.4.1",
        "@polkadot/wasm-crypto-init": "6.4.1",
        "@polkadot/wasm-crypto-wasm": "6.4.1",
        "@polkadot/wasm-util": "6.4.1"
      }
    },
    "@polkadot/wasm-crypto-asmjs": {
      "version": "6.4.1",
      "resolved": "https://registry.npmjs.org/@polkadot/wasm-crypto-asmjs/-/wasm-crypto-asmjs-6.4.1.tgz",
      "integrity": "sha512-UxZTwuBZlnODGIQdCsE2Sn/jU0O2xrNQ/TkhRFELfkZXEXTNu4lw6NpaKq7Iey4L+wKd8h4lT3VPVkMcPBLOvA==",
      "requires": {
        "@babel/runtime": "^7.20.6"
      }
    },
    "@polkadot/wasm-crypto-init": {
      "version": "6.4.1",
      "resolved": "https://registry.npmjs.org/@polkadot/wasm-crypto-init/-/wasm-crypto-init-6.4.1.tgz",
      "integrity": "sha512-1ALagSi/nfkyFaH6JDYfy/QbicVbSn99K8PV9rctDUfxc7P06R7CoqbjGQ4OMPX6w1WYVPU7B4jPHGLYBlVuMw==",
      "requires": {
        "@babel/runtime": "^7.20.6",
        "@polkadot/wasm-bridge": "6.4.1",
        "@polkadot/wasm-crypto-asmjs": "6.4.1",
        "@polkadot/wasm-crypto-wasm": "6.4.1"
      }
    },
    "@polkadot/wasm-crypto-wasm": {
      "version": "6.4.1",
      "resolved": "https://registry.npmjs.org/@polkadot/wasm-crypto-wasm/-/wasm-crypto-wasm-6.4.1.tgz",
      "integrity": "sha512-3VV9ZGzh0ZY3SmkkSw+0TRXxIpiO0nB8lFwlRgcwaCihwrvLfRnH9GI8WE12mKsHVjWTEVR3ogzILJxccAUjDA==",
      "requires": {
        "@babel/runtime": "^7.20.6",
        "@polkadot/wasm-util": "6.4.1"
      }
    },
    "@polkadot/wasm-util": {
      "version": "6.4.1",
      "resolved": "https://registry.npmjs.org/@polkadot/wasm-util/-/wasm-util-6.4.1.tgz",
      "integrity": "sha512-Uwo+WpEsDmFExWC5kTNvsVhvqXMZEKf4gUHXFn4c6Xz4lmieRT5g+1bO1KJ21pl4msuIgdV3Bksfs/oiqMFqlw==",
      "requires": {
        "@babel/runtime": "^7.20.6"
      }
    },
    "@polkadot/x-bigint": {
      "version": "10.2.3",
      "resolved": "https://registry.npmjs.org/@polkadot/x-bigint/-/x-bigint-10.2.3.tgz",
      "integrity": "sha512-xPblZVmIpXV7rMzwArOA3BfiDjBZ296jfkpMRaa90sSUEAxFTu8f0SEAxNkUIXrpyyzNiwqL5DhCp1pRuqg36w==",
      "requires": {
        "@babel/runtime": "^7.20.7",
        "@polkadot/x-global": "10.2.3"
      }
    },
    "@polkadot/x-fetch": {
      "version": "10.2.3",
      "resolved": "https://registry.npmjs.org/@polkadot/x-fetch/-/x-fetch-10.2.3.tgz",
      "integrity": "sha512-2i15Y8pMXUb7kjUSJrJzS4lrgbOhMWlIHNUFT0AUkR4P7RsBKHGfXvTGF720qT7KIZaOmrPkmlqDqafIbIs/8g==",
      "requires": {
        "@babel/runtime": "^7.20.7",
        "@polkadot/x-global": "10.2.3",
        "@types/node-fetch": "^2.6.2",
        "node-fetch": "^3.3.0"
      }
    },
    "@polkadot/x-global": {
      "version": "10.2.3",
      "resolved": "https://registry.npmjs.org/@polkadot/x-global/-/x-global-10.2.3.tgz",
      "integrity": "sha512-lloJGTilvEi9gnviHacnRphv2zMhOxgXf4Ajn+dSF8zR7UzyCL9Gphg3G/nagebBtGAq1BSOS6QWOiRcuAeZrA==",
      "requires": {
        "@babel/runtime": "^7.20.7"
      }
    },
    "@polkadot/x-randomvalues": {
      "version": "10.2.3",
      "resolved": "https://registry.npmjs.org/@polkadot/x-randomvalues/-/x-randomvalues-10.2.3.tgz",
      "integrity": "sha512-i5WIzYi/zGfnKF5TWcnpjP2Pu2rpJH1TE89F/h9i+LliIhQ1GqHBPj1EXyhNI9BfA28EQhjpFZhLUxCCuAL09w==",
      "requires": {
        "@babel/runtime": "^7.20.7",
        "@polkadot/x-global": "10.2.3"
      }
    },
    "@polkadot/x-textdecoder": {
      "version": "10.2.3",
      "resolved": "https://registry.npmjs.org/@polkadot/x-textdecoder/-/x-textdecoder-10.2.3.tgz",
      "integrity": "sha512-E+z6GSgrrSWJm227LjJqKzmK4vF0FGpaX+WvHSlQVX/+Q0x2qF+/L7lXk5FUQHtoPgKL3ydBLZaylEkA2Zl5kQ==",
      "requires": {
        "@babel/runtime": "^7.20.7",
        "@polkadot/x-global": "10.2.3"
      }
    },
    "@polkadot/x-textencoder": {
      "version": "10.2.3",
      "resolved": "https://registry.npmjs.org/@polkadot/x-textencoder/-/x-textencoder-10.2.3.tgz",
      "integrity": "sha512-UuzPELhQljyyzwpCnv/GF9ZWpF3Pc29g4+YZWPg9hC3kwv4DRLFcFxdouWo/ic1luXwL4THcdWGIiF4VNUKlCg==",
      "requires": {
        "@babel/runtime": "^7.20.7",
        "@polkadot/x-global": "10.2.3"
      }
    },
    "@polkadot/x-ws": {
      "version": "10.2.3",
      "resolved": "https://registry.npmjs.org/@polkadot/x-ws/-/x-ws-10.2.3.tgz",
      "integrity": "sha512-ELXZHyn4YnttCb0PGDsSK4sEBKOMYceH3gPPrCBOeZl5btI2OfezrL9MoIgthxlqJ6EDbBymYVyNDv2RqJQrxQ==",
      "requires": {
        "@babel/runtime": "^7.20.7",
        "@polkadot/x-global": "10.2.3",
        "@types/websocket": "^1.0.5",
        "websocket": "^1.0.34"
      }
    },
    "@scure/base": {
      "version": "1.1.1",
      "resolved": "https://registry.npmjs.org/@scure/base/-/base-1.1.1.tgz",
      "integrity": "sha512-ZxOhsSyxYwLJj3pLZCefNitxsj093tb2vq90mp2txoYeBqbcjDjqFhyM8eUjq/uFm6zJ+mUuqxlS2FkuSY1MTA=="
    },
    "@substrate/connect": {
      "version": "0.7.18",
      "resolved": "https://registry.npmjs.org/@substrate/connect/-/connect-0.7.18.tgz",
      "integrity": "sha512-T1CaZJhe+uaeyM/cBdmD/oMWnaGf+tJdfG+3Os4H5YR0NVKXWsHpSfBryBP5wEce2hQhRiNnzQ+9ny8siKqRgg==",
      "optional": true,
      "requires": {
        "@substrate/connect-extension-protocol": "^1.0.1",
        "@substrate/smoldot-light": "0.7.9",
        "eventemitter3": "^4.0.7"
      }
    },
    "@substrate/connect-extension-protocol": {
      "version": "1.0.1",
      "resolved": "https://registry.npmjs.org/@substrate/connect-extension-protocol/-/connect-extension-protocol-1.0.1.tgz",
      "integrity": "sha512-161JhCC1csjH3GE5mPLEd7HbWtwNSPJBg3p1Ksz9SFlTzj/bgEwudiRN2y5i0MoLGCIJRYKyKGMxVnd29PzNjg==",
      "optional": true
    },
    "@substrate/smoldot-light": {
      "version": "0.7.9",
      "resolved": "https://registry.npmjs.org/@substrate/smoldot-light/-/smoldot-light-0.7.9.tgz",
      "integrity": "sha512-HP8iP7sFYlpSgjjbo0lqHyU+gu9lL2hbDNce6dWk5/10mFFF9jKIFGfui4zCecUY808o/Go9pan/31kMJoLbug==",
      "optional": true,
      "requires": {
        "pako": "^2.0.4",
        "ws": "^8.8.1"
      }
    },
    "@substrate/ss58-registry": {
      "version": "1.37.0",
      "resolved": "https://registry.npmjs.org/@substrate/ss58-registry/-/ss58-registry-1.37.0.tgz",
      "integrity": "sha512-8R/4aQdZlKEPNrp2HSoPNxlDPPOyJe20qFk2w1hT0lXVbY4ZALrsO5Z4NrObAM2D9wTSpcxNKMFVQ2hIsqEHdw=="
    },
    "@types/bn.js": {
      "version": "5.1.1",
      "resolved": "https://registry.npmjs.org/@types/bn.js/-/bn.js-5.1.1.tgz",
      "integrity": "sha512-qNrYbZqMx0uJAfKnKclPh+dTwK33KfLHYqtyODwd5HnXOjnkhc4qgn3BrK6RWyGZm5+sIFE7Q7Vz6QQtJB7w7g==",
      "requires": {
        "@types/node": "*"
      }
    },
    "@types/node": {
      "version": "18.11.18",
      "resolved": "https://registry.npmjs.org/@types/node/-/node-18.11.18.tgz",
      "integrity": "sha512-DHQpWGjyQKSHj3ebjFI/wRKcqQcdR+MoFBygntYOZytCqNfkd2ZC4ARDJ2DQqhjH5p85Nnd3jhUJIXrszFX/JA=="
    },
    "@types/node-fetch": {
      "version": "2.6.2",
      "resolved": "https://registry.npmjs.org/@types/node-fetch/-/node-fetch-2.6.2.tgz",
      "integrity": "sha512-DHqhlq5jeESLy19TYhLakJ07kNumXWjcDdxXsLUMJZ6ue8VZJj4kLPQVE/2mdHh3xZziNF1xppu5lwmS53HR+A==",
      "requires": {
        "@types/node": "*",
        "form-data": "^3.0.0"
      }
    },
    "@types/websocket": {
      "version": "1.0.5",
      "resolved": "https://registry.npmjs.org/@types/websocket/-/websocket-1.0.5.tgz",
      "integrity": "sha512-NbsqiNX9CnEfC1Z0Vf4mE1SgAJ07JnRYcNex7AJ9zAVzmiGHmjKFEk7O4TJIsgv2B1sLEb6owKFZrACwdYngsQ==",
      "requires": {
        "@types/node": "*"
      }
    },
    "ansi-regex": {
      "version": "5.0.1",
      "resolved": "https://registry.npmjs.org/ansi-regex/-/ansi-regex-5.0.1.tgz",
      "integrity": "sha512-quJQXlTSUGL2LH9SUXo8VwsY4soanhgo6LNSm84E1LBcE8s3O0wpdiRzyR9z/ZZJMlMWv37qOOb9pdJlMUEKFQ=="
    },
    "ansi-styles": {
      "version": "4.3.0",
      "resolved": "https://registry.npmjs.org/ansi-styles/-/ansi-styles-4.3.0.tgz",
      "integrity": "sha512-zbB9rCJAT1rbjiVDb2hqKFHNYLxgtk8NURxZ3IZwD3F6NtxbXZQCnnSi1Lkx+IDohdPlFp222wVALIheZJQSEg==",
      "requires": {
        "color-convert": "^2.0.1"
      }
    },
    "asynckit": {
      "version": "0.4.0",
      "resolved": "https://registry.npmjs.org/asynckit/-/asynckit-0.4.0.tgz",
      "integrity": "sha512-Oei9OH4tRh0YqU3GxhX79dM/mwVgvbZJaSNaRk+bshkj0S5cfHcgYakreBjrHwatXKbz+IoIdYLxrKim2MjW0Q=="
    },
    "bn.js": {
      "version": "5.2.1",
      "resolved": "https://registry.npmjs.org/bn.js/-/bn.js-5.2.1.tgz",
      "integrity": "sha512-eXRvHzWyYPBuB4NBy0cmYQjGitUrtqwbvlzP3G6VFnNRbsZQIxQ10PbKKHt8gZ/HW/D/747aDl+QkDqg3KQLMQ=="
    },
    "bufferutil": {
      "version": "4.0.7",
      "resolved": "https://registry.npmjs.org/bufferutil/-/bufferutil-4.0.7.tgz",
      "integrity": "sha512-kukuqc39WOHtdxtw4UScxF/WVnMFVSQVKhtx3AjZJzhd0RGZZldcrfSEbVsWWe6KNH253574cq5F+wpv0G9pJw==",
      "requires": {
        "node-gyp-build": "^4.3.0"
      }
    },
    "chalk": {
      "version": "4.1.2",
      "resolved": "https://registry.npmjs.org/chalk/-/chalk-4.1.2.tgz",
      "integrity": "sha512-oKnbhFyRIXpUuez8iBMmyEa4nbj4IOQyuhc/wy9kY7/WVPcwIO9VA668Pu8RkO7+0G76SLROeyw9CpQ061i4mA==",
      "requires": {
        "ansi-styles": "^4.1.0",
        "supports-color": "^7.1.0"
      }
    },
    "cli-progress": {
      "version": "3.9.1",
      "resolved": "https://registry.npmjs.org/cli-progress/-/cli-progress-3.9.1.tgz",
      "integrity": "sha512-AXxiCe2a0Lm0VN+9L0jzmfQSkcZm5EYspfqXKaSIQKqIk+0hnkZ3/v1E9B39mkD6vYhKih3c/RPsJBSwq9O99Q==",
      "requires": {
        "colors": "^1.1.2",
        "string-width": "^4.2.0"
      }
    },
    "color-convert": {
      "version": "2.0.1",
      "resolved": "https://registry.npmjs.org/color-convert/-/color-convert-2.0.1.tgz",
      "integrity": "sha512-RRECPsj7iu/xb5oKYcsFHSppFNnsj/52OVTRKb4zP5onXwVF3zVmmToNcOfGC+CRDpfK/U584fMg38ZHCaElKQ==",
      "requires": {
        "color-name": "~1.1.4"
      }
    },
    "color-name": {
      "version": "1.1.4",
      "resolved": "https://registry.npmjs.org/color-name/-/color-name-1.1.4.tgz",
      "integrity": "sha512-dOy+3AuW3a2wNbZHIuMZpTcgjGuLU/uBL/ubcZF9OXbDo8ff4O8yVp5Bf0efS8uEoYo5q4Fx7dY9OgQGXgAsQA=="
    },
    "colors": {
      "version": "1.4.0",
      "resolved": "https://registry.npmjs.org/colors/-/colors-1.4.0.tgz",
      "integrity": "sha512-a+UqTh4kgZg/SlGvfbzDHpgRu7AAQOmmqRHJnxhRZICKFUT91brVhNNt58CMWU9PsBbv3PDCZUHbVxuDiH2mtA=="
    },
    "combined-stream": {
      "version": "1.0.8",
      "resolved": "https://registry.npmjs.org/combined-stream/-/combined-stream-1.0.8.tgz",
      "integrity": "sha512-FQN4MRfuJeHf7cBbBMJFXhKSDq+2kAArBlmRBvcvFE5BB1HZKXtSFASDhdlz9zOYwxh8lDdnvmMOe/+5cdoEdg==",
      "requires": {
        "delayed-stream": "~1.0.0"
      }
    },
    "d": {
      "version": "1.0.1",
      "resolved": "https://registry.npmjs.org/d/-/d-1.0.1.tgz",
      "integrity": "sha512-m62ShEObQ39CfralilEQRjH6oAMtNCV1xJyEx5LpRYUVN+EviphDgUc/F3hnYbADmkiNs67Y+3ylmlG7Lnu+FA==",
      "requires": {
        "es5-ext": "^0.10.50",
        "type": "^1.0.1"
      }
    },
    "data-uri-to-buffer": {
      "version": "4.0.0",
      "resolved": "https://registry.npmjs.org/data-uri-to-buffer/-/data-uri-to-buffer-4.0.0.tgz",
      "integrity": "sha512-Vr3mLBA8qWmcuschSLAOogKgQ/Jwxulv3RNE4FXnYWRGujzrRWQI4m12fQqRkwX06C0KanhLr4hK+GydchZsaA=="
    },
    "debug": {
      "version": "2.6.9",
      "resolved": "https://registry.npmjs.org/debug/-/debug-2.6.9.tgz",
      "integrity": "sha512-bC7ElrdJaJnPbAP+1EotYvqZsb3ecl5wi6Bfi6BJTUcNowp6cvspg0jXznRTKDjm/E7AdgFBVeAPVMNcKGsHMA==",
      "requires": {
        "ms": "2.0.0"
      }
    },
    "delayed-stream": {
      "version": "1.0.0",
      "resolved": "https://registry.npmjs.org/delayed-stream/-/delayed-stream-1.0.0.tgz",
      "integrity": "sha512-ZySD7Nf91aLB0RxL4KGrKHBXl7Eds1DAmEdcoVawXnLD7SDhpNgtuII2aAkg7a7QS41jxPSZ17p4VdGnMHk3MQ=="
    },
    "dotenv": {
      "version": "10.0.0",
      "resolved": "https://registry.npmjs.org/dotenv/-/dotenv-10.0.0.tgz",
      "integrity": "sha512-rlBi9d8jpv9Sf1klPjNfFAuWDjKLwTIJJ/VxtoTwIR6hnZxcEOQCZg2oIL3MWBYw5GpUDKOEnND7LXTbIpQ03Q=="
    },
    "ed2curve": {
      "version": "0.3.0",
      "resolved": "https://registry.npmjs.org/ed2curve/-/ed2curve-0.3.0.tgz",
      "integrity": "sha512-8w2fmmq3hv9rCrcI7g9hms2pMunQr1JINfcjwR9tAyZqhtyaMN991lF/ZfHfr5tzZQ8c7y7aBgZbjfbd0fjFwQ==",
      "requires": {
        "tweetnacl": "1.x.x"
      }
    },
    "emoji-regex": {
      "version": "8.0.0",
      "resolved": "https://registry.npmjs.org/emoji-regex/-/emoji-regex-8.0.0.tgz",
      "integrity": "sha512-MSjYzcWNOA0ewAHpz0MxpYFvwg6yjy1NG3xteoqz644VCo/RPgnr1/GGt+ic3iJTzQ8Eu3TdM14SawnVUmGE6A=="
    },
    "es5-ext": {
      "version": "0.10.62",
      "resolved": "https://registry.npmjs.org/es5-ext/-/es5-ext-0.10.62.tgz",
      "integrity": "sha512-BHLqn0klhEpnOKSrzn/Xsz2UIW8j+cGmo9JLzr8BiUapV8hPL9+FliFqjwr9ngW7jWdnxv6eO+/LqyhJVqgrjA==",
      "requires": {
        "es6-iterator": "^2.0.3",
        "es6-symbol": "^3.1.3",
        "next-tick": "^1.1.0"
      }
    },
    "es6-iterator": {
      "version": "2.0.3",
      "resolved": "https://registry.npmjs.org/es6-iterator/-/es6-iterator-2.0.3.tgz",
      "integrity": "sha512-zw4SRzoUkd+cl+ZoE15A9o1oQd920Bb0iOJMQkQhl3jNc03YqVjAhG7scf9C5KWRU/R13Orf588uCC6525o02g==",
      "requires": {
        "d": "1",
        "es5-ext": "^0.10.35",
        "es6-symbol": "^3.1.1"
      }
    },
    "es6-symbol": {
      "version": "3.1.3",
      "resolved": "https://registry.npmjs.org/es6-symbol/-/es6-symbol-3.1.3.tgz",
      "integrity": "sha512-NJ6Yn3FuDinBaBRWl/q5X/s4koRHBrgKAu+yGI6JCBeiu3qrcbJhwT2GeR/EXVfylRk8dpQVJoLEFhK+Mu31NA==",
      "requires": {
        "d": "^1.0.1",
        "ext": "^1.1.2"
      }
    },
    "eventemitter3": {
      "version": "4.0.7",
      "resolved": "https://registry.npmjs.org/eventemitter3/-/eventemitter3-4.0.7.tgz",
      "integrity": "sha512-8guHBZCwKnFhYdHr2ysuRWErTwhoN2X8XELRlrRwpmfeY2jjuUN4taQMsULKUVo1K4DvZl+0pgfyoysHxvmvEw=="
    },
    "ext": {
      "version": "1.7.0",
      "resolved": "https://registry.npmjs.org/ext/-/ext-1.7.0.tgz",
      "integrity": "sha512-6hxeJYaL110a9b5TEJSj0gojyHQAmA2ch5Os+ySCiA1QGdS697XWY1pzsrSjqA9LDEEgdB/KypIlR59RcLuHYw==",
      "requires": {
        "type": "^2.7.2"
      },
      "dependencies": {
        "type": {
          "version": "2.7.2",
          "resolved": "https://registry.npmjs.org/type/-/type-2.7.2.tgz",
          "integrity": "sha512-dzlvlNlt6AXU7EBSfpAscydQ7gXB+pPGsPnfJnZpiNJBDj7IaJzQlBZYGdEi4R9HmPdBv2XmWJ6YUtoTa7lmCw=="
        }
      }
    },
    "fetch-blob": {
      "version": "3.2.0",
      "resolved": "https://registry.npmjs.org/fetch-blob/-/fetch-blob-3.2.0.tgz",
      "integrity": "sha512-7yAQpD2UMJzLi1Dqv7qFYnPbaPx7ZfFK6PiIxQ4PfkGPyNyl2Ugx+a/umUonmKqjhM4DnfbMvdX6otXq83soQQ==",
      "requires": {
        "node-domexception": "^1.0.0",
        "web-streams-polyfill": "^3.0.3"
      }
    },
    "form-data": {
      "version": "3.0.1",
      "resolved": "https://registry.npmjs.org/form-data/-/form-data-3.0.1.tgz",
      "integrity": "sha512-RHkBKtLWUVwd7SqRIvCZMEvAMoGUp0XU+seQiZejj0COz3RI3hWP4sCv3gZWWLjJTd7rGwcsF5eKZGii0r/hbg==",
      "requires": {
        "asynckit": "^0.4.0",
        "combined-stream": "^1.0.8",
        "mime-types": "^2.1.12"
      }
    },
    "formdata-polyfill": {
      "version": "4.0.10",
      "resolved": "https://registry.npmjs.org/formdata-polyfill/-/formdata-polyfill-4.0.10.tgz",
      "integrity": "sha512-buewHzMvYL29jdeQTVILecSaZKnt/RJWjoZCF5OW60Z67/GmSLBkOFM7qh1PI3zFNtJbaZL5eQu1vLfazOwj4g==",
      "requires": {
        "fetch-blob": "^3.1.2"
      }
    },
    "has-flag": {
      "version": "4.0.0",
      "resolved": "https://registry.npmjs.org/has-flag/-/has-flag-4.0.0.tgz",
      "integrity": "sha512-EykJT/Q1KjTWctppgIAgfSO0tKVuZUjhgMr17kqTumMl6Afv3EISleU7qZUzoXDFTAHTDC4NOoG/ZxU3EvlMPQ=="
    },
    "is-fullwidth-code-point": {
      "version": "3.0.0",
      "resolved": "https://registry.npmjs.org/is-fullwidth-code-point/-/is-fullwidth-code-point-3.0.0.tgz",
      "integrity": "sha512-zymm5+u+sCsSWyD9qNaejV3DFvhCKclKdizYaJUuHA83RLjb7nSuGnddCHGv0hk+KY7BMAlsWeK4Ueg6EV6XQg=="
    },
    "is-typedarray": {
      "version": "1.0.0",
      "resolved": "https://registry.npmjs.org/is-typedarray/-/is-typedarray-1.0.0.tgz",
      "integrity": "sha512-cyA56iCMHAh5CdzjJIa4aohJyeO1YbwLi3Jc35MmRU6poroFjIGZzUzupGiRPOjgHg9TLu43xbpwXk523fMxKA=="
    },
    "json-stringify-safe": {
      "version": "5.0.1",
      "resolved": "https://registry.npmjs.org/json-stringify-safe/-/json-stringify-safe-5.0.1.tgz",
      "integrity": "sha512-ZClg6AaYvamvYEE82d3Iyd3vSSIjQ+odgjaTzRuO3s7toCdFKczob2i0zCh7JE8kWn17yvAWhUVxvqGwUalsRA=="
    },
    "lodash": {
      "version": "4.17.21",
      "resolved": "https://registry.npmjs.org/lodash/-/lodash-4.17.21.tgz",
      "integrity": "sha512-v2kDEe57lecTulaDIuNTPy3Ry4gLGJ6Z1O3vE1krgXZNrsQ+LFTGHVxVjcXPs17LhbZVGedAJv8XZ1tvj5FvSg=="
    },
    "mime-db": {
      "version": "1.52.0",
      "resolved": "https://registry.npmjs.org/mime-db/-/mime-db-1.52.0.tgz",
      "integrity": "sha512-sPU4uV7dYlvtWJxwwxHD0PuihVNiE7TyAbQ5SWxDCB9mUYvOgroQOwYQQOKPJ8CIbE+1ETVlOoK1UC2nU3gYvg=="
    },
    "mime-types": {
      "version": "2.1.35",
      "resolved": "https://registry.npmjs.org/mime-types/-/mime-types-2.1.35.tgz",
      "integrity": "sha512-ZDY+bPm5zTTF+YpCrAU9nK0UgICYPT0QtT1NZWFv4s++TNkcgVaT0g6+4R2uI4MjQjzysHB1zxuWL50hzaeXiw==",
      "requires": {
        "mime-db": "1.52.0"
      }
    },
    "mock-socket": {
      "version": "9.1.5",
      "resolved": "https://registry.npmjs.org/mock-socket/-/mock-socket-9.1.5.tgz",
      "integrity": "sha512-3DeNIcsQixWHHKk6NdoBhWI4t1VMj5/HzfnI1rE/pLl5qKx7+gd4DNA07ehTaZ6MoUU053si6Hd+YtiM/tQZfg=="
    },
    "ms": {
      "version": "2.0.0",
      "resolved": "https://registry.npmjs.org/ms/-/ms-2.0.0.tgz",
      "integrity": "sha512-Tpp60P6IUJDTuOq/5Z8cdskzJujfwqfOTkrwIwj7IRISpnkJnT6SyJ4PCPnGMoFjC9ddhal5KVIYtAt97ix05A=="
    },
    "next-tick": {
      "version": "1.1.0",
      "resolved": "https://registry.npmjs.org/next-tick/-/next-tick-1.1.0.tgz",
      "integrity": "sha512-CXdUiJembsNjuToQvxayPZF9Vqht7hewsvy2sOWafLvi2awflj9mOC6bHIg50orX8IJvWKY9wYQ/zB2kogPslQ=="
    },
    "nock": {
      "version": "13.2.9",
      "resolved": "https://registry.npmjs.org/nock/-/nock-13.2.9.tgz",
      "integrity": "sha512-1+XfJNYF1cjGB+TKMWi29eZ0b82QOvQs2YoLNzbpWGqFMtRQHTa57osqdGj4FrFPgkO4D4AZinzUJR9VvW3QUA==",
      "requires": {
        "debug": "^4.1.0",
        "json-stringify-safe": "^5.0.1",
        "lodash": "^4.17.21",
        "propagate": "^2.0.0"
      },
      "dependencies": {
        "debug": {
          "version": "4.3.4",
          "resolved": "https://registry.npmjs.org/debug/-/debug-4.3.4.tgz",
          "integrity": "sha512-PRWFHuSU3eDtQJPvnNY7Jcket1j0t5OuOsFzPPzsekD52Zl8qUfFIPEiswXqIvHWGVHOgX+7G/vCNNhehwxfkQ==",
          "requires": {
            "ms": "2.1.2"
          }
        },
        "ms": {
          "version": "2.1.2",
          "resolved": "https://registry.npmjs.org/ms/-/ms-2.1.2.tgz",
          "integrity": "sha512-sGkPx+VjMtmA6MX27oA4FBFELFCZZ4S4XqeGOXCv68tT+jb3vk/RyaKWP0PTKyWtmLSM0b+adUTEvbs1PEaH2w=="
        }
      }
    },
    "node-domexception": {
      "version": "1.0.0",
      "resolved": "https://registry.npmjs.org/node-domexception/-/node-domexception-1.0.0.tgz",
      "integrity": "sha512-/jKZoMpw0F8GRwl4/eLROPA3cfcXtLApP0QzLmUT/HuPCZWyB7IY9ZrMeKw2O/nFIqPQB3PVM9aYm0F312AXDQ=="
    },
    "node-fetch": {
      "version": "3.3.0",
      "resolved": "https://registry.npmjs.org/node-fetch/-/node-fetch-3.3.0.tgz",
      "integrity": "sha512-BKwRP/O0UvoMKp7GNdwPlObhYGB5DQqwhEDQlNKuoqwVYSxkSZCSbHjnFFmUEtwSKRPU4kNK8PbDYYitwaE3QA==",
      "requires": {
        "data-uri-to-buffer": "^4.0.0",
        "fetch-blob": "^3.1.4",
        "formdata-polyfill": "^4.0.10"
      }
    },
    "node-gyp-build": {
      "version": "4.6.0",
      "resolved": "https://registry.npmjs.org/node-gyp-build/-/node-gyp-build-4.6.0.tgz",
      "integrity": "sha512-NTZVKn9IylLwUzaKjkas1e4u2DLNcV4rdYagA4PWdPwW87Bi7z+BznyKSRwS/761tV/lzCGXplWsiaMjLqP2zQ=="
    },
    "pako": {
      "version": "2.1.0",
      "resolved": "https://registry.npmjs.org/pako/-/pako-2.1.0.tgz",
      "integrity": "sha512-w+eufiZ1WuJYgPXbV/PO3NCMEc3xqylkKHzp8bxp1uW4qaSNQUkwmLLEc3kKsfz8lpV1F8Ht3U1Cm+9Srog2ug==",
      "optional": true
    },
    "propagate": {
      "version": "2.0.1",
      "resolved": "https://registry.npmjs.org/propagate/-/propagate-2.0.1.tgz",
      "integrity": "sha512-vGrhOavPSTz4QVNuBNdcNXePNdNMaO1xj9yBeH1ScQPjk/rhg9sSlCXPhMkFuaNNW/syTvYqsnbIJxMBfRbbag=="
    },
    "regenerator-runtime": {
      "version": "0.13.11",
      "resolved": "https://registry.npmjs.org/regenerator-runtime/-/regenerator-runtime-0.13.11.tgz",
      "integrity": "sha512-kY1AZVr2Ra+t+piVaJ4gxaFaReZVH40AKNo7UCX6W+dEwBo/2oZJzqfuN1qLq1oL45o56cPaTXELwrTh8Fpggg=="
    },
    "rxjs": {
      "version": "7.8.0",
      "resolved": "https://registry.npmjs.org/rxjs/-/rxjs-7.8.0.tgz",
      "integrity": "sha512-F2+gxDshqmIub1KdvZkaEfGDwLNpPvk9Fs6LD/MyQxNgMds/WH9OdDDXOmxUZpME+iSK3rQCctkL0DYyytUqMg==",
      "requires": {
        "tslib": "^2.1.0"
      }
    },
    "string-width": {
      "version": "4.2.2",
      "resolved": "https://registry.npmjs.org/string-width/-/string-width-4.2.2.tgz",
      "integrity": "sha512-XBJbT3N4JhVumXE0eoLU9DCjcaF92KLNqTmFCnG1pf8duUxFGwtP6AD6nkjw9a3IdiRtL3E2w3JDiE/xi3vOeA==",
      "requires": {
        "emoji-regex": "^8.0.0",
        "is-fullwidth-code-point": "^3.0.0",
        "strip-ansi": "^6.0.0"
      }
    },
    "strip-ansi": {
      "version": "6.0.0",
      "resolved": "https://registry.npmjs.org/strip-ansi/-/strip-ansi-6.0.0.tgz",
      "integrity": "sha512-AuvKTrTfQNYNIctbR1K/YGTR1756GycPsg7b9bdV9Duqur4gv6aKqHXah67Z8ImS7WEz5QVcOtlfW2rZEugt6w==",
      "requires": {
        "ansi-regex": "^5.0.0"
      }
    },
    "supports-color": {
      "version": "7.2.0",
      "resolved": "https://registry.npmjs.org/supports-color/-/supports-color-7.2.0.tgz",
      "integrity": "sha512-qpCAvRl9stuOHveKsn7HncJRvv501qIacKzQlO/+Lwxc9+0q2wLyv4Dfvt80/DPn2pqOBsJdDiogXGR9+OvwRw==",
      "requires": {
        "has-flag": "^4.0.0"
      }
    },
    "tslib": {
      "version": "2.4.1",
      "resolved": "https://registry.npmjs.org/tslib/-/tslib-2.4.1.tgz",
      "integrity": "sha512-tGyy4dAjRIEwI7BzsB0lynWgOpfqjUdq91XXAlIWD2OwKBH7oCl/GZG/HT4BOHrTlPMOASlMQ7veyTqpmRcrNA=="
    },
    "tweetnacl": {
      "version": "1.0.3",
      "resolved": "https://registry.npmjs.org/tweetnacl/-/tweetnacl-1.0.3.tgz",
      "integrity": "sha512-6rt+RN7aOi1nGMyC4Xa5DdYiukl2UWCbcJft7YhxReBGQD7OAM8Pbxw6YMo4r2diNEA8FEmu32YOn9rhaiE5yw=="
    },
    "type": {
      "version": "1.2.0",
      "resolved": "https://registry.npmjs.org/type/-/type-1.2.0.tgz",
      "integrity": "sha512-+5nt5AAniqsCnu2cEQQdpzCAh33kVx8n0VoFidKpB1dVVLAN/F+bgVOqOJqOnEnrhp222clB5p3vUlD+1QAnfg=="
    },
    "typedarray-to-buffer": {
      "version": "3.1.5",
      "resolved": "https://registry.npmjs.org/typedarray-to-buffer/-/typedarray-to-buffer-3.1.5.tgz",
      "integrity": "sha512-zdu8XMNEDepKKR+XYOXAVPtWui0ly0NtohUscw+UmaHiAWT8hrV1rr//H6V+0DvJ3OQ19S979M0laLfX8rm82Q==",
      "requires": {
        "is-typedarray": "^1.0.0"
      }
    },
    "utf-8-validate": {
      "version": "5.0.10",
      "resolved": "https://registry.npmjs.org/utf-8-validate/-/utf-8-validate-5.0.10.tgz",
      "integrity": "sha512-Z6czzLq4u8fPOyx7TU6X3dvUZVvoJmxSQ+IcrlmagKhilxlhZgxPK6C5Jqbkw1IDUmFTM+cz9QDnnLTwDz/2gQ==",
      "requires": {
        "node-gyp-build": "^4.3.0"
      }
    },
    "web-streams-polyfill": {
      "version": "3.2.1",
      "resolved": "https://registry.npmjs.org/web-streams-polyfill/-/web-streams-polyfill-3.2.1.tgz",
      "integrity": "sha512-e0MO3wdXWKrLbL0DgGnUV7WHVuw9OUvL4hjgnPkIeEvESk74gAITi5G606JtZPp39cd8HA9VQzCIvA49LpPN5Q=="
    },
    "websocket": {
      "version": "1.0.34",
      "resolved": "https://registry.npmjs.org/websocket/-/websocket-1.0.34.tgz",
      "integrity": "sha512-PRDso2sGwF6kM75QykIesBijKSVceR6jL2G8NGYyq2XrItNC2P5/qL5XeR056GhA+Ly7JMFvJb9I312mJfmqnQ==",
      "requires": {
        "bufferutil": "^4.0.1",
        "debug": "^2.2.0",
        "es5-ext": "^0.10.50",
        "typedarray-to-buffer": "^3.1.5",
        "utf-8-validate": "^5.0.2",
        "yaeti": "^0.0.6"
      }
    },
    "ws": {
      "version": "8.12.0",
      "resolved": "https://registry.npmjs.org/ws/-/ws-8.12.0.tgz",
      "integrity": "sha512-kU62emKIdKVeEIOIKVegvqpXMSTAMLJozpHZaJNDYqBjzlSYXQGviYwN1osDLJ9av68qHd4a2oSjd7yD4pacig==",
      "optional": true
    },
    "yaeti": {
      "version": "0.0.6",
      "resolved": "https://registry.npmjs.org/yaeti/-/yaeti-0.0.6.tgz",
      "integrity": "sha512-MvQa//+KcZCUkBTIC9blM+CU9J2GzuTytsOUwf2lidtvkx/6gnEp1QvJv34t9vdjhFmha/mUiNDbN0D0mJWdug=="
    }
  }
}
