{
  "name": "fork-off-substrate",
  "version": "1.0.0",
  "lockfileVersion": 1,
  "requires": true,
  "dependencies": {
    "@babel/runtime": {
      "version": "7.16.3",
      "resolved": "https://registry.npmjs.org/@babel/runtime/-/runtime-7.16.3.tgz",
      "integrity": "sha512-WBwekcqacdY2e9AF/Q7WLFUWmdJGJTkbjqTjoMDgXkVZ3ZRUvOPsLb5KdwISoQVsbP+DQzVZW4Zhci0DvpbNTQ==",
      "requires": {
        "regenerator-runtime": "^0.13.4"
      }
    },
    "@noble/hashes": {
      "version": "0.4.1",
      "resolved": "https://registry.npmjs.org/@noble/hashes/-/hashes-0.4.1.tgz",
      "integrity": "sha512-Qxy9mZoDf5SyFrQ8hpWHeMZ2Scmb9BAz/lt23sKdr/QHnACW9dD6S+/WVJHd3R/BPoNHcUYWXoXXe74cxSEYoA=="
    },
    "@polkadot/api": {
      "version": "6.10.3",
      "resolved": "https://registry.npmjs.org/@polkadot/api/-/api-6.10.3.tgz",
      "integrity": "sha512-ueduq+sR43PyFr3mzcfKZMrmVo9MBKCJGre3EUvH0XgLmao3GbH+LvJNpOCs5tqaD0eCiIX1SpxVDXHGe0GpWg==",
      "requires": {
        "@babel/runtime": "^7.16.3",
        "@polkadot/api-derive": "6.10.3",
        "@polkadot/keyring": "^8.0.4",
        "@polkadot/rpc-core": "6.10.3",
        "@polkadot/rpc-provider": "6.10.3",
        "@polkadot/types": "6.10.3",
        "@polkadot/types-known": "6.10.3",
        "@polkadot/util": "^8.0.4",
        "@polkadot/util-crypto": "^8.0.4",
        "eventemitter3": "^4.0.7",
        "rxjs": "^7.4.0"
      }
    },
    "@polkadot/api-derive": {
      "version": "6.10.3",
      "resolved": "https://registry.npmjs.org/@polkadot/api-derive/-/api-derive-6.10.3.tgz",
      "integrity": "sha512-NBg3xi9n+QceCnRAimCa7pfXA2ONSa6LtKFpsXJns2AXhHjaAZr7H//VPztVvglZ23Vxpr7sq8ApeA/tgYm2zg==",
      "requires": {
        "@babel/runtime": "^7.16.3",
        "@polkadot/api": "6.10.3",
        "@polkadot/rpc-core": "6.10.3",
        "@polkadot/types": "6.10.3",
        "@polkadot/util": "^8.0.4",
        "@polkadot/util-crypto": "^8.0.4",
        "rxjs": "^7.4.0"
      }
    },
    "@polkadot/keyring": {
      "version": "8.0.4",
      "resolved": "https://registry.npmjs.org/@polkadot/keyring/-/keyring-8.0.4.tgz",
      "integrity": "sha512-7enL2t4s9KtkgEjKUH9dVmB3cbIWnjQe/EA6zVZBdEwj8ykkcxNJLbTpkXf3I7XKGkQM6LvpjIOc2+BPrxQplg==",
      "requires": {
        "@babel/runtime": "^7.16.3",
        "@polkadot/util": "8.0.4",
        "@polkadot/util-crypto": "8.0.4"
      }
    },
    "@polkadot/networks": {
      "version": "8.0.4",
      "resolved": "https://registry.npmjs.org/@polkadot/networks/-/networks-8.0.4.tgz",
      "integrity": "sha512-Ve41RZdZyeqDhSzYH+CRnh06XH2kJsm/epiKkMJ1hQPcUwDhzjw8tH5yoLryYsPCjJEZgU8SHcGgXi4aSxPsFw==",
      "requires": {
        "@babel/runtime": "^7.16.3"
      }
    },
    "@polkadot/rpc-core": {
      "version": "6.10.3",
      "resolved": "https://registry.npmjs.org/@polkadot/rpc-core/-/rpc-core-6.10.3.tgz",
      "integrity": "sha512-wJy2czDa4LP+4tGCzw1g5TSzScMVrCL6WVye36jgy2h1VazOM+xzMocUP6YFTq0FBg/4Z1NlxUM7gkvdF7KkNg==",
      "requires": {
        "@babel/runtime": "^7.16.3",
        "@polkadot/rpc-provider": "6.10.3",
        "@polkadot/types": "6.10.3",
        "@polkadot/util": "^8.0.4",
        "rxjs": "^7.4.0"
      }
    },
    "@polkadot/rpc-provider": {
      "version": "6.10.3",
      "resolved": "https://registry.npmjs.org/@polkadot/rpc-provider/-/rpc-provider-6.10.3.tgz",
      "integrity": "sha512-7z3t7byNoYoCN4jd/ul3lBEjmmHexVDUkhX90vkxzzTDT5uVbfwx8h6J2h3mp2LbVoLvjAo8V1Q+0OrN7c3zQA==",
      "requires": {
        "@babel/runtime": "^7.16.3",
        "@polkadot/types": "6.10.3",
        "@polkadot/util": "^8.0.4",
        "@polkadot/util-crypto": "^8.0.4",
        "@polkadot/x-fetch": "^8.0.4",
        "@polkadot/x-global": "^8.0.4",
        "@polkadot/x-ws": "^8.0.4",
        "eventemitter3": "^4.0.7"
      }
    },
    "@polkadot/types": {
      "version": "6.10.3",
      "resolved": "https://registry.npmjs.org/@polkadot/types/-/types-6.10.3.tgz",
      "integrity": "sha512-HcgK9uqTaVjuTW20K+vMgOULURJjosKK2drbiXAxf/rrlGDJ29HCP4XhUI8x1Vp0ZAUt+V0LqMIfA9eTHBCr8w==",
      "requires": {
        "@babel/runtime": "^7.16.3",
        "@polkadot/types-known": "6.10.3",
        "@polkadot/util": "^8.0.4",
        "@polkadot/util-crypto": "^8.0.4",
        "rxjs": "^7.4.0"
      }
    },
    "@polkadot/types-known": {
      "version": "6.10.3",
      "resolved": "https://registry.npmjs.org/@polkadot/types-known/-/types-known-6.10.3.tgz",
      "integrity": "sha512-AWZJ7zZQAeYQlmJxOgsIFIJZ0M50WyVTGGqfhPbvV3ioPTaKebxjcJEU8r35BfFS7LhLMsjGfqw/DF8m7lJ9Eg==",
      "requires": {
        "@babel/runtime": "^7.16.3",
        "@polkadot/networks": "^8.0.4",
        "@polkadot/types": "6.10.3",
        "@polkadot/util": "^8.0.4"
      }
    },
    "@polkadot/util": {
      "version": "8.0.4",
      "resolved": "https://registry.npmjs.org/@polkadot/util/-/util-8.0.4.tgz",
      "integrity": "sha512-E9c0mTFTbqPBzCOkWAqIzVxx0e27BjPubSqZ4I6yj34o9JNcabhyHJPVMd1jwu00Ew2iGFDvY2I97hEtCHQkBQ==",
      "requires": {
        "@babel/runtime": "^7.16.3",
        "@polkadot/x-textdecoder": "8.0.4",
        "@polkadot/x-textencoder": "8.0.4",
        "@types/bn.js": "^4.11.6",
        "bn.js": "^4.12.0",
        "ip-regex": "^4.3.0"
      }
    },
    "@polkadot/util-crypto": {
      "version": "8.0.4",
      "resolved": "https://registry.npmjs.org/@polkadot/util-crypto/-/util-crypto-8.0.4.tgz",
      "integrity": "sha512-/umJGifnFnE3sGXgzcbUPAvItxyajP4IkBWoOsIcKYcFJNm7E8dUfjOLIM0kpa9XUulUOATpOLYi+R8oNUZRNw==",
      "requires": {
        "@babel/runtime": "^7.16.3",
        "@noble/hashes": "0.4.1",
        "@polkadot/networks": "8.0.4",
        "@polkadot/util": "8.0.4",
        "@polkadot/wasm-crypto": "^4.4.1",
        "@polkadot/x-randomvalues": "8.0.4",
        "bn.js": "^4.12.0",
        "ed2curve": "^0.3.0",
        "elliptic": "^6.5.4",
        "micro-base": "^0.9.0",
        "tweetnacl": "^1.0.3"
      }
    },
    "@polkadot/wasm-crypto": {
      "version": "4.4.1",
      "resolved": "https://registry.npmjs.org/@polkadot/wasm-crypto/-/wasm-crypto-4.4.1.tgz",
      "integrity": "sha512-AeOOuuh04QlkTgXswC+bUT/ftELki58JGu/buZondvCCsPLw9Eu2KloE03ElgX0GmDlPA/MRkEzjQp3fchfydQ==",
      "requires": {
        "@babel/runtime": "^7.16.3",
        "@polkadot/wasm-crypto-asmjs": "^4.4.1",
        "@polkadot/wasm-crypto-wasm": "^4.4.1"
      }
    },
    "@polkadot/wasm-crypto-asmjs": {
      "version": "4.4.1",
      "resolved": "https://registry.npmjs.org/@polkadot/wasm-crypto-asmjs/-/wasm-crypto-asmjs-4.4.1.tgz",
      "integrity": "sha512-qeMQfybpLe04reBIyHx6GwyRl9jdQdTC/cdtuEdkRzljZ7/8rIY/rLCt6Hs6vo866E+w2p92swQLZGl0snEBWQ==",
      "requires": {
        "@babel/runtime": "^7.16.3"
      }
    },
    "@polkadot/wasm-crypto-wasm": {
      "version": "4.4.1",
      "resolved": "https://registry.npmjs.org/@polkadot/wasm-crypto-wasm/-/wasm-crypto-wasm-4.4.1.tgz",
      "integrity": "sha512-FduItUfsNhkH8I4cQvBsowhw1KzcNdma96x+KDQYuB6iDUfQa+NpicuLZozhmVBDRQsmZkU90wWNiUjf126OXA==",
      "requires": {
        "@babel/runtime": "^7.16.3"
      }
    },
    "@polkadot/x-fetch": {
      "version": "8.0.4",
      "resolved": "https://registry.npmjs.org/@polkadot/x-fetch/-/x-fetch-8.0.4.tgz",
      "integrity": "sha512-DQ15kgyy9sr02YC2aOwak28jxdWQQErJg0vjpzK974EYltNRN5FP3FtFm2pidkIQ0URPpmQOh6QmVL1geOXCSQ==",
      "requires": {
        "@babel/runtime": "^7.16.3",
        "@polkadot/x-global": "8.0.4",
        "@types/node-fetch": "^2.5.12",
        "node-fetch": "^2.6.6"
      }
    },
    "@polkadot/x-global": {
      "version": "8.0.4",
      "resolved": "https://registry.npmjs.org/@polkadot/x-global/-/x-global-8.0.4.tgz",
      "integrity": "sha512-OrdjQrC5Qby3r8upAVNmOPjvvB+rXFmptdKduWhLjWfgLs5ocWOa4OaxGqhDo7A7vBXBgD3WGob/81WDxtuhHw==",
      "requires": {
        "@babel/runtime": "^7.16.3"
      }
    },
    "@polkadot/x-randomvalues": {
      "version": "8.0.4",
      "resolved": "https://registry.npmjs.org/@polkadot/x-randomvalues/-/x-randomvalues-8.0.4.tgz",
      "integrity": "sha512-jonPnCys+SOI6XDpZs61LiCtizqh8eKStp/I5i+t3Go1tOBDArVb5AoRsspPLE0C3KOV/YHcczJePyuRUHf8TA==",
      "requires": {
        "@babel/runtime": "^7.16.3",
        "@polkadot/x-global": "8.0.4"
      }
    },
    "@polkadot/x-textdecoder": {
      "version": "8.0.4",
      "resolved": "https://registry.npmjs.org/@polkadot/x-textdecoder/-/x-textdecoder-8.0.4.tgz",
      "integrity": "sha512-Tks7uwU+q5UCGRO7izms4nLDse12eQUtombbIROjpaFrVwcEOpcJeIfpc83axN9O/npaC0hpYKGOqBGWIsYf6g==",
      "requires": {
        "@babel/runtime": "^7.16.3",
        "@polkadot/x-global": "8.0.4"
      }
    },
    "@polkadot/x-textencoder": {
      "version": "8.0.4",
      "resolved": "https://registry.npmjs.org/@polkadot/x-textencoder/-/x-textencoder-8.0.4.tgz",
      "integrity": "sha512-SGPmHY+q2sKHTe2AWcDvj7+er4Tgo4naY6AG0R/DKpGrLPIInFO6FybqOKwC51GPVfXgV0qAdL5x5v0pxH9PBQ==",
      "requires": {
        "@babel/runtime": "^7.16.3",
        "@polkadot/x-global": "8.0.4"
      }
    },
    "@polkadot/x-ws": {
      "version": "8.0.4",
      "resolved": "https://registry.npmjs.org/@polkadot/x-ws/-/x-ws-8.0.4.tgz",
      "integrity": "sha512-KDeZRTHlMeXsfqLjyQhU1k0r+pM0+0haKTeDvCuil7SZbdp7SYI/HEs9ixpwfffFblZkD7PqZt7IonA+CWD7gA==",
      "requires": {
        "@babel/runtime": "^7.16.3",
        "@polkadot/x-global": "8.0.4",
        "@types/websocket": "^1.0.4",
        "websocket": "^1.0.34"
      }
    },
    "@types/bn.js": {
      "version": "4.11.6",
      "resolved": "https://registry.npmjs.org/@types/bn.js/-/bn.js-4.11.6.tgz",
      "integrity": "sha512-pqr857jrp2kPuO9uRjZ3PwnJTjoQy+fcdxvBTvHm6dkmEL9q+hDD/2j/0ELOBPtPnS8LjCX0gI9nbl8lVkadpg==",
      "requires": {
        "@types/node": "*"
      }
    },
    "@types/node": {
      "version": "16.11.11",
      "resolved": "https://registry.npmjs.org/@types/node/-/node-16.11.11.tgz",
      "integrity": "sha512-KB0sixD67CeecHC33MYn+eYARkqTheIRNuu97y2XMjR7Wu3XibO1vaY6VBV6O/a89SPI81cEUIYT87UqUWlZNw=="
    },
    "@types/node-fetch": {
      "version": "2.5.12",
      "resolved": "https://registry.npmjs.org/@types/node-fetch/-/node-fetch-2.5.12.tgz",
      "integrity": "sha512-MKgC4dlq4kKNa/mYrwpKfzQMB5X3ee5U6fSprkKpToBqBmX4nFZL9cW5jl6sWn+xpRJ7ypWh2yyqqr8UUCstSw==",
      "requires": {
        "@types/node": "*",
        "form-data": "^3.0.0"
      }
    },
    "@types/websocket": {
      "version": "1.0.4",
      "resolved": "https://registry.npmjs.org/@types/websocket/-/websocket-1.0.4.tgz",
      "integrity": "sha512-qn1LkcFEKK8RPp459jkjzsfpbsx36BBt3oC3pITYtkoBw/aVX+EZFa5j3ThCRTNpLFvIMr5dSTD4RaMdilIOpA==",
      "requires": {
        "@types/node": "*"
      }
    },
    "ansi-regex": {
      "version": "5.0.1",
      "resolved": "https://registry.npmjs.org/ansi-regex/-/ansi-regex-5.0.1.tgz",
      "integrity": "sha512-quJQXlTSUGL2LH9SUXo8VwsY4soanhgo6LNSm84E1LBcE8s3O0wpdiRzyR9z/ZZJMlMWv37qOOb9pdJlMUEKFQ=="
    },
    "ansi-styles": {
      "version": "4.3.0",
      "resolved": "https://registry.npmjs.org/ansi-styles/-/ansi-styles-4.3.0.tgz",
      "integrity": "sha512-zbB9rCJAT1rbjiVDb2hqKFHNYLxgtk8NURxZ3IZwD3F6NtxbXZQCnnSi1Lkx+IDohdPlFp222wVALIheZJQSEg==",
      "requires": {
        "color-convert": "^2.0.1"
      }
    },
    "asynckit": {
      "version": "0.4.0",
      "resolved": "https://registry.npmjs.org/asynckit/-/asynckit-0.4.0.tgz",
      "integrity": "sha1-x57Zf380y48robyXkLzDZkdLS3k="
    },
    "bn.js": {
      "version": "4.12.0",
      "resolved": "https://registry.npmjs.org/bn.js/-/bn.js-4.12.0.tgz",
      "integrity": "sha512-c98Bf3tPniI+scsdk237ku1Dc3ujXQTSgyiPUDEOe7tRkhrqridvh8klBv0HCEso1OLOYcHuCv/cS6DNxKH+ZA=="
    },
    "brorand": {
      "version": "1.1.0",
      "resolved": "https://registry.npmjs.org/brorand/-/brorand-1.1.0.tgz",
      "integrity": "sha1-EsJe/kCkXjwyPrhnWgoM5XsiNx8="
    },
    "bufferutil": {
      "version": "4.0.5",
      "resolved": "https://registry.npmjs.org/bufferutil/-/bufferutil-4.0.5.tgz",
      "integrity": "sha512-HTm14iMQKK2FjFLRTM5lAVcyaUzOnqbPtesFIvREgXpJHdQm8bWS+GkQgIkfaBYRHuCnea7w8UVNfwiAQhlr9A==",
      "requires": {
        "node-gyp-build": "^4.3.0"
      }
    },
    "chalk": {
      "version": "4.1.2",
      "resolved": "https://registry.npmjs.org/chalk/-/chalk-4.1.2.tgz",
      "integrity": "sha512-oKnbhFyRIXpUuez8iBMmyEa4nbj4IOQyuhc/wy9kY7/WVPcwIO9VA668Pu8RkO7+0G76SLROeyw9CpQ061i4mA==",
      "requires": {
        "ansi-styles": "^4.1.0",
        "supports-color": "^7.1.0"
      }
    },
    "cli-progress": {
      "version": "3.9.1",
      "resolved": "https://registry.npmjs.org/cli-progress/-/cli-progress-3.9.1.tgz",
      "integrity": "sha512-AXxiCe2a0Lm0VN+9L0jzmfQSkcZm5EYspfqXKaSIQKqIk+0hnkZ3/v1E9B39mkD6vYhKih3c/RPsJBSwq9O99Q==",
      "requires": {
        "colors": "^1.1.2",
        "string-width": "^4.2.0"
      }
    },
    "color-convert": {
      "version": "2.0.1",
      "resolved": "https://registry.npmjs.org/color-convert/-/color-convert-2.0.1.tgz",
      "integrity": "sha512-RRECPsj7iu/xb5oKYcsFHSppFNnsj/52OVTRKb4zP5onXwVF3zVmmToNcOfGC+CRDpfK/U584fMg38ZHCaElKQ==",
      "requires": {
        "color-name": "~1.1.4"
      }
    },
    "color-name": {
      "version": "1.1.4",
      "resolved": "https://registry.npmjs.org/color-name/-/color-name-1.1.4.tgz",
      "integrity": "sha512-dOy+3AuW3a2wNbZHIuMZpTcgjGuLU/uBL/ubcZF9OXbDo8ff4O8yVp5Bf0efS8uEoYo5q4Fx7dY9OgQGXgAsQA=="
    },
    "colors": {
      "version": "1.4.0",
      "resolved": "https://registry.npmjs.org/colors/-/colors-1.4.0.tgz",
      "integrity": "sha512-a+UqTh4kgZg/SlGvfbzDHpgRu7AAQOmmqRHJnxhRZICKFUT91brVhNNt58CMWU9PsBbv3PDCZUHbVxuDiH2mtA=="
    },
    "combined-stream": {
      "version": "1.0.8",
      "resolved": "https://registry.npmjs.org/combined-stream/-/combined-stream-1.0.8.tgz",
      "integrity": "sha512-FQN4MRfuJeHf7cBbBMJFXhKSDq+2kAArBlmRBvcvFE5BB1HZKXtSFASDhdlz9zOYwxh8lDdnvmMOe/+5cdoEdg==",
      "requires": {
        "delayed-stream": "~1.0.0"
      }
    },
    "d": {
      "version": "1.0.1",
      "resolved": "https://registry.npmjs.org/d/-/d-1.0.1.tgz",
      "integrity": "sha512-m62ShEObQ39CfralilEQRjH6oAMtNCV1xJyEx5LpRYUVN+EviphDgUc/F3hnYbADmkiNs67Y+3ylmlG7Lnu+FA==",
      "requires": {
        "es5-ext": "^0.10.50",
        "type": "^1.0.1"
      }
    },
    "debug": {
      "version": "2.6.9",
      "resolved": "https://registry.npmjs.org/debug/-/debug-2.6.9.tgz",
      "integrity": "sha512-bC7ElrdJaJnPbAP+1EotYvqZsb3ecl5wi6Bfi6BJTUcNowp6cvspg0jXznRTKDjm/E7AdgFBVeAPVMNcKGsHMA==",
      "requires": {
        "ms": "2.0.0"
      }
    },
    "delayed-stream": {
      "version": "1.0.0",
      "resolved": "https://registry.npmjs.org/delayed-stream/-/delayed-stream-1.0.0.tgz",
      "integrity": "sha1-3zrhmayt+31ECqrgsp4icrJOxhk="
    },
    "dotenv": {
      "version": "10.0.0",
      "resolved": "https://registry.npmjs.org/dotenv/-/dotenv-10.0.0.tgz",
      "integrity": "sha512-rlBi9d8jpv9Sf1klPjNfFAuWDjKLwTIJJ/VxtoTwIR6hnZxcEOQCZg2oIL3MWBYw5GpUDKOEnND7LXTbIpQ03Q=="
    },
    "ed2curve": {
      "version": "0.3.0",
      "resolved": "https://registry.npmjs.org/ed2curve/-/ed2curve-0.3.0.tgz",
      "integrity": "sha512-8w2fmmq3hv9rCrcI7g9hms2pMunQr1JINfcjwR9tAyZqhtyaMN991lF/ZfHfr5tzZQ8c7y7aBgZbjfbd0fjFwQ==",
      "requires": {
        "tweetnacl": "1.x.x"
      }
    },
    "elliptic": {
      "version": "6.5.4",
      "resolved": "https://registry.npmjs.org/elliptic/-/elliptic-6.5.4.tgz",
      "integrity": "sha512-iLhC6ULemrljPZb+QutR5TQGB+pdW6KGD5RSegS+8sorOZT+rdQFbsQFJgvN3eRqNALqJer4oQ16YvJHlU8hzQ==",
      "requires": {
        "bn.js": "^4.11.9",
        "brorand": "^1.1.0",
        "hash.js": "^1.0.0",
        "hmac-drbg": "^1.0.1",
        "inherits": "^2.0.4",
        "minimalistic-assert": "^1.0.1",
        "minimalistic-crypto-utils": "^1.0.1"
      }
    },
    "emoji-regex": {
      "version": "8.0.0",
      "resolved": "https://registry.npmjs.org/emoji-regex/-/emoji-regex-8.0.0.tgz",
      "integrity": "sha512-MSjYzcWNOA0ewAHpz0MxpYFvwg6yjy1NG3xteoqz644VCo/RPgnr1/GGt+ic3iJTzQ8Eu3TdM14SawnVUmGE6A=="
    },
    "es5-ext": {
      "version": "0.10.53",
      "resolved": "https://registry.npmjs.org/es5-ext/-/es5-ext-0.10.53.tgz",
      "integrity": "sha512-Xs2Stw6NiNHWypzRTY1MtaG/uJlwCk8kH81920ma8mvN8Xq1gsfhZvpkImLQArw8AHnv8MT2I45J3c0R8slE+Q==",
      "requires": {
        "es6-iterator": "~2.0.3",
        "es6-symbol": "~3.1.3",
        "next-tick": "~1.0.0"
      }
    },
    "es6-iterator": {
      "version": "2.0.3",
      "resolved": "https://registry.npmjs.org/es6-iterator/-/es6-iterator-2.0.3.tgz",
      "integrity": "sha1-p96IkUGgWpSwhUQDstCg+/qY87c=",
      "requires": {
        "d": "1",
        "es5-ext": "^0.10.35",
        "es6-symbol": "^3.1.1"
      }
    },
    "es6-symbol": {
      "version": "3.1.3",
      "resolved": "https://registry.npmjs.org/es6-symbol/-/es6-symbol-3.1.3.tgz",
      "integrity": "sha512-NJ6Yn3FuDinBaBRWl/q5X/s4koRHBrgKAu+yGI6JCBeiu3qrcbJhwT2GeR/EXVfylRk8dpQVJoLEFhK+Mu31NA==",
      "requires": {
        "d": "^1.0.1",
        "ext": "^1.1.2"
      }
    },
    "eventemitter3": {
      "version": "4.0.7",
      "resolved": "https://registry.npmjs.org/eventemitter3/-/eventemitter3-4.0.7.tgz",
      "integrity": "sha512-8guHBZCwKnFhYdHr2ysuRWErTwhoN2X8XELRlrRwpmfeY2jjuUN4taQMsULKUVo1K4DvZl+0pgfyoysHxvmvEw=="
    },
    "ext": {
      "version": "1.6.0",
      "resolved": "https://registry.npmjs.org/ext/-/ext-1.6.0.tgz",
      "integrity": "sha512-sdBImtzkq2HpkdRLtlLWDa6w4DX22ijZLKx8BMPUuKe1c5lbN6xwQDQCxSfxBQnHZ13ls/FH0MQZx/q/gr6FQg==",
      "requires": {
        "type": "^2.5.0"
      },
      "dependencies": {
        "type": {
          "version": "2.5.0",
          "resolved": "https://registry.npmjs.org/type/-/type-2.5.0.tgz",
          "integrity": "sha512-180WMDQaIMm3+7hGXWf12GtdniDEy7nYcyFMKJn/eZz/6tSLXrUN9V0wKSbMjej0I1WHWbpREDEKHtqPQa9NNw=="
        }
      }
    },
    "form-data": {
      "version": "3.0.1",
      "resolved": "https://registry.npmjs.org/form-data/-/form-data-3.0.1.tgz",
      "integrity": "sha512-RHkBKtLWUVwd7SqRIvCZMEvAMoGUp0XU+seQiZejj0COz3RI3hWP4sCv3gZWWLjJTd7rGwcsF5eKZGii0r/hbg==",
      "requires": {
        "asynckit": "^0.4.0",
        "combined-stream": "^1.0.8",
        "mime-types": "^2.1.12"
      }
    },
    "has-flag": {
      "version": "4.0.0",
      "resolved": "https://registry.npmjs.org/has-flag/-/has-flag-4.0.0.tgz",
      "integrity": "sha512-EykJT/Q1KjTWctppgIAgfSO0tKVuZUjhgMr17kqTumMl6Afv3EISleU7qZUzoXDFTAHTDC4NOoG/ZxU3EvlMPQ=="
    },
    "hash.js": {
      "version": "1.1.7",
      "resolved": "https://registry.npmjs.org/hash.js/-/hash.js-1.1.7.tgz",
      "integrity": "sha512-taOaskGt4z4SOANNseOviYDvjEJinIkRgmp7LbKP2YTTmVxWBl87s/uzK9r+44BclBSp2X7K1hqeNfz9JbBeXA==",
      "requires": {
        "inherits": "^2.0.3",
        "minimalistic-assert": "^1.0.1"
      }
    },
    "hmac-drbg": {
      "version": "1.0.1",
      "resolved": "https://registry.npmjs.org/hmac-drbg/-/hmac-drbg-1.0.1.tgz",
      "integrity": "sha1-0nRXAQJabHdabFRXk+1QL8DGSaE=",
      "requires": {
        "hash.js": "^1.0.3",
        "minimalistic-assert": "^1.0.0",
        "minimalistic-crypto-utils": "^1.0.1"
      }
    },
    "inherits": {
      "version": "2.0.4",
      "resolved": "https://registry.npmjs.org/inherits/-/inherits-2.0.4.tgz",
      "integrity": "sha512-k/vGaX4/Yla3WzyMCvTQOXYeIHvqOKtnqBduzTHpzpQZzAskKMhZ2K+EnBiSM9zGSoIFeMpXKxa4dYeZIQqewQ=="
    },
    "ip-regex": {
      "version": "4.3.0",
      "resolved": "https://registry.npmjs.org/ip-regex/-/ip-regex-4.3.0.tgz",
      "integrity": "sha512-B9ZWJxHHOHUhUjCPrMpLD4xEq35bUTClHM1S6CBU5ixQnkZmwipwgc96vAd7AAGM9TGHvJR+Uss+/Ak6UphK+Q=="
    },
    "is-fullwidth-code-point": {
      "version": "3.0.0",
      "resolved": "https://registry.npmjs.org/is-fullwidth-code-point/-/is-fullwidth-code-point-3.0.0.tgz",
      "integrity": "sha512-zymm5+u+sCsSWyD9qNaejV3DFvhCKclKdizYaJUuHA83RLjb7nSuGnddCHGv0hk+KY7BMAlsWeK4Ueg6EV6XQg=="
    },
    "is-typedarray": {
      "version": "1.0.0",
      "resolved": "https://registry.npmjs.org/is-typedarray/-/is-typedarray-1.0.0.tgz",
      "integrity": "sha1-5HnICFjfDBsR3dppQPlgEfzaSpo="
    },
    "micro-base": {
      "version": "0.9.0",
      "resolved": "https://registry.npmjs.org/micro-base/-/micro-base-0.9.0.tgz",
      "integrity": "sha512-4+tOMKidYT5nQ6/UNmYrGVO5PMcnJdfuR4NC8HK8s2H61B4itOhA9yrsjBdqGV7ecdtej36x3YSIfPLRmPrspg=="
    },
    "mime-db": {
      "version": "1.51.0",
      "resolved": "https://registry.npmjs.org/mime-db/-/mime-db-1.51.0.tgz",
      "integrity": "sha512-5y8A56jg7XVQx2mbv1lu49NR4dokRnhZYTtL+KGfaa27uq4pSTXkwQkFJl4pkRMyNFz/EtYDSkiiEHx3F7UN6g=="
    },
    "mime-types": {
      "version": "2.1.34",
      "resolved": "https://registry.npmjs.org/mime-types/-/mime-types-2.1.34.tgz",
      "integrity": "sha512-6cP692WwGIs9XXdOO4++N+7qjqv0rqxxVvJ3VHPh/Sc9mVZcQP+ZGhkKiTvWMQRr2tbHkJP/Yn7Y0npb3ZBs4A==",
      "requires": {
        "mime-db": "1.51.0"
      }
    },
    "minimalistic-assert": {
      "version": "1.0.1",
      "resolved": "https://registry.npmjs.org/minimalistic-assert/-/minimalistic-assert-1.0.1.tgz",
      "integrity": "sha512-UtJcAD4yEaGtjPezWuO9wC4nwUnVH/8/Im3yEHQP4b67cXlD/Qr9hdITCU1xDbSEXg2XKNaP8jsReV7vQd00/A=="
    },
    "minimalistic-crypto-utils": {
      "version": "1.0.1",
      "resolved": "https://registry.npmjs.org/minimalistic-crypto-utils/-/minimalistic-crypto-utils-1.0.1.tgz",
      "integrity": "sha1-9sAMHAsIIkblxNmd+4x8CDsrWCo="
    },
    "ms": {
      "version": "2.0.0",
      "resolved": "https://registry.npmjs.org/ms/-/ms-2.0.0.tgz",
      "integrity": "sha1-VgiurfwAvmwpAd9fmGF4jeDVl8g="
    },
    "next-tick": {
      "version": "1.0.0",
      "resolved": "https://registry.npmjs.org/next-tick/-/next-tick-1.0.0.tgz",
      "integrity": "sha1-yobR/ogoFpsBICCOPchCS524NCw="
    },
    "node-fetch": {
      "version": "2.6.6",
      "resolved": "https://registry.npmjs.org/node-fetch/-/node-fetch-2.6.6.tgz",
      "integrity": "sha512-Z8/6vRlTUChSdIgMa51jxQ4lrw/Jy5SOW10ObaA47/RElsAN2c5Pn8bTgFGWn/ibwzXTE8qwr1Yzx28vsecXEA==",
      "requires": {
        "whatwg-url": "^5.0.0"
      }
    },
    "node-gyp-build": {
      "version": "4.3.0",
      "resolved": "https://registry.npmjs.org/node-gyp-build/-/node-gyp-build-4.3.0.tgz",
      "integrity": "sha512-iWjXZvmboq0ja1pUGULQBexmxq8CV4xBhX7VDOTbL7ZR4FOowwY/VOtRxBN/yKxmdGoIp4j5ysNT4u3S2pDQ3Q=="
    },
    "regenerator-runtime": {
      "version": "0.13.9",
      "resolved": "https://registry.npmjs.org/regenerator-runtime/-/regenerator-runtime-0.13.9.tgz",
      "integrity": "sha512-p3VT+cOEgxFsRRA9X4lkI1E+k2/CtnKtU4gcxyaCUreilL/vqI6CdZ3wxVUx3UOUg+gnUOQQcRI7BmSI656MYA=="
    },
    "rxjs": {
      "version": "7.4.0",
      "resolved": "https://registry.npmjs.org/rxjs/-/rxjs-7.4.0.tgz",
      "integrity": "sha512-7SQDi7xeTMCJpqViXh8gL/lebcwlp3d831F05+9B44A4B0WfsEwUQHR64gsH1kvJ+Ep/J9K2+n1hVl1CsGN23w==",
      "requires": {
        "tslib": "~2.1.0"
      }
    },
    "string-width": {
      "version": "4.2.2",
      "resolved": "https://registry.npmjs.org/string-width/-/string-width-4.2.2.tgz",
      "integrity": "sha512-XBJbT3N4JhVumXE0eoLU9DCjcaF92KLNqTmFCnG1pf8duUxFGwtP6AD6nkjw9a3IdiRtL3E2w3JDiE/xi3vOeA==",
      "requires": {
        "emoji-regex": "^8.0.0",
        "is-fullwidth-code-point": "^3.0.0",
        "strip-ansi": "^6.0.0"
      }
    },
    "strip-ansi": {
      "version": "6.0.0",
      "resolved": "https://registry.npmjs.org/strip-ansi/-/strip-ansi-6.0.0.tgz",
      "integrity": "sha512-AuvKTrTfQNYNIctbR1K/YGTR1756GycPsg7b9bdV9Duqur4gv6aKqHXah67Z8ImS7WEz5QVcOtlfW2rZEugt6w==",
      "requires": {
        "ansi-regex": "^5.0.0"
      }
    },
    "supports-color": {
      "version": "7.2.0",
      "resolved": "https://registry.npmjs.org/supports-color/-/supports-color-7.2.0.tgz",
      "integrity": "sha512-qpCAvRl9stuOHveKsn7HncJRvv501qIacKzQlO/+Lwxc9+0q2wLyv4Dfvt80/DPn2pqOBsJdDiogXGR9+OvwRw==",
      "requires": {
        "has-flag": "^4.0.0"
      }
    },
    "tr46": {
      "version": "0.0.3",
      "resolved": "https://registry.npmjs.org/tr46/-/tr46-0.0.3.tgz",
      "integrity": "sha1-gYT9NH2snNwYWZLzpmIuFLnZq2o="
    },
    "tslib": {
      "version": "2.1.0",
      "resolved": "https://registry.npmjs.org/tslib/-/tslib-2.1.0.tgz",
      "integrity": "sha512-hcVC3wYEziELGGmEEXue7D75zbwIIVUMWAVbHItGPx0ziyXxrOMQx4rQEVEV45Ut/1IotuEvwqPopzIOkDMf0A=="
    },
    "tweetnacl": {
      "version": "1.0.3",
      "resolved": "https://registry.npmjs.org/tweetnacl/-/tweetnacl-1.0.3.tgz",
      "integrity": "sha512-6rt+RN7aOi1nGMyC4Xa5DdYiukl2UWCbcJft7YhxReBGQD7OAM8Pbxw6YMo4r2diNEA8FEmu32YOn9rhaiE5yw=="
    },
    "type": {
      "version": "1.2.0",
      "resolved": "https://registry.npmjs.org/type/-/type-1.2.0.tgz",
      "integrity": "sha512-+5nt5AAniqsCnu2cEQQdpzCAh33kVx8n0VoFidKpB1dVVLAN/F+bgVOqOJqOnEnrhp222clB5p3vUlD+1QAnfg=="
    },
    "typedarray-to-buffer": {
      "version": "3.1.5",
      "resolved": "https://registry.npmjs.org/typedarray-to-buffer/-/typedarray-to-buffer-3.1.5.tgz",
      "integrity": "sha512-zdu8XMNEDepKKR+XYOXAVPtWui0ly0NtohUscw+UmaHiAWT8hrV1rr//H6V+0DvJ3OQ19S979M0laLfX8rm82Q==",
      "requires": {
        "is-typedarray": "^1.0.0"
      }
    },
    "utf-8-validate": {
      "version": "5.0.7",
      "resolved": "https://registry.npmjs.org/utf-8-validate/-/utf-8-validate-5.0.7.tgz",
      "integrity": "sha512-vLt1O5Pp+flcArHGIyKEQq883nBt8nN8tVBcoL0qUXj2XT1n7p70yGIq2VK98I5FdZ1YHc0wk/koOnHjnXWk1Q==",
      "requires": {
        "node-gyp-build": "^4.3.0"
      }
    },
    "webidl-conversions": {
      "version": "3.0.1",
      "resolved": "https://registry.npmjs.org/webidl-conversions/-/webidl-conversions-3.0.1.tgz",
      "integrity": "sha1-JFNCdeKnvGvnvIZhHMFq4KVlSHE="
    },
    "websocket": {
      "version": "1.0.34",
      "resolved": "https://registry.npmjs.org/websocket/-/websocket-1.0.34.tgz",
      "integrity": "sha512-PRDso2sGwF6kM75QykIesBijKSVceR6jL2G8NGYyq2XrItNC2P5/qL5XeR056GhA+Ly7JMFvJb9I312mJfmqnQ==",
      "requires": {
        "bufferutil": "^4.0.1",
        "debug": "^2.2.0",
        "es5-ext": "^0.10.50",
        "typedarray-to-buffer": "^3.1.5",
        "utf-8-validate": "^5.0.2",
        "yaeti": "^0.0.6"
      }
    },
    "whatwg-url": {
      "version": "5.0.0",
      "resolved": "https://registry.npmjs.org/whatwg-url/-/whatwg-url-5.0.0.tgz",
      "integrity": "sha1-lmRU6HZUYuN2RNNib2dCzotwll0=",
      "requires": {
        "tr46": "~0.0.3",
        "webidl-conversions": "^3.0.0"
      }
    },
    "yaeti": {
      "version": "0.0.6",
      "resolved": "https://registry.npmjs.org/yaeti/-/yaeti-0.0.6.tgz",
      "integrity": "sha1-8m9ITXJoTPQr7ft2lwqhYI+/lXc="
    }
  }
}
