{
  "name": "fork-off-substrate",
  "version": "1.0.0",
  "lockfileVersion": 1,
  "requires": true,
  "dependencies": {
    "@noble/hashes": {
      "version": "1.2.0",
      "resolved": "https://registry.npmjs.org/@noble/hashes/-/hashes-1.2.0.tgz",
      "integrity": "sha512-FZfhjEDbT5GRswV3C6uvLPHMiVD6lQBmpoX5+eSiPaMTXte/IKqI5dykDxzZB/WBeK/CDuQRBWarPdi3FNY2zQ=="
    },
    "@noble/secp256k1": {
      "version": "1.7.1",
      "resolved": "https://registry.npmjs.org/@noble/secp256k1/-/secp256k1-1.7.1.tgz",
      "integrity": "sha512-hOUk6AyBFmqVrv7k5WAw/LpszxVbj9gGN4JRkIX52fdFAj1UA61KXmZDvqVEm+pOyec3+fIeZB02LYa/pWOArw=="
    },
    "@polkadot/api": {
      "version": "10.0.1",
      "resolved": "https://registry.npmjs.org/@polkadot/api/-/api-10.0.1.tgz",
      "integrity": "sha512-XDJwGqtnFKWlY2kEGOCOAFhczgUxwNZ553zVbmkR65eK4gVlCwIMHLkU/rPlPf/QShrTCZXQhaS/HwIXeFHIvw==",
      "requires": {
        "@polkadot/api-augment": "10.0.1",
        "@polkadot/api-base": "10.0.1",
        "@polkadot/api-derive": "10.0.1",
        "@polkadot/keyring": "^11.0.1",
        "@polkadot/rpc-augment": "10.0.1",
        "@polkadot/rpc-core": "10.0.1",
        "@polkadot/rpc-provider": "10.0.1",
        "@polkadot/types": "10.0.1",
        "@polkadot/types-augment": "10.0.1",
        "@polkadot/types-codec": "10.0.1",
        "@polkadot/types-create": "10.0.1",
        "@polkadot/types-known": "10.0.1",
        "@polkadot/util": "^11.0.1",
        "@polkadot/util-crypto": "^11.0.1",
        "eventemitter3": "^5.0.0",
        "rxjs": "^7.8.0",
        "tslib": "^2.5.0"
      }
    },
    "@polkadot/api-augment": {
      "version": "10.0.1",
      "resolved": "https://registry.npmjs.org/@polkadot/api-augment/-/api-augment-10.0.1.tgz",
      "integrity": "sha512-VOMkUurEZ/r27Sx5zeGACApm4wLZx5bsxo8sWxaVE1enZvob1JpzGuN12rTlMr0ej4Az8BxvlGbcT3fQYw275Q==",
      "requires": {
        "@polkadot/api-base": "10.0.1",
        "@polkadot/rpc-augment": "10.0.1",
        "@polkadot/types": "10.0.1",
        "@polkadot/types-augment": "10.0.1",
        "@polkadot/types-codec": "10.0.1",
        "@polkadot/util": "^11.0.1",
        "tslib": "^2.5.0"
      }
    },
    "@polkadot/api-base": {
      "version": "10.0.1",
      "resolved": "https://registry.npmjs.org/@polkadot/api-base/-/api-base-10.0.1.tgz",
      "integrity": "sha512-yuCgHYQU7Tn32I4sNk5Qb/OwB85ICXCfWja95watbEP6os601IllI6s7JhFx3G4fjvfI94DzewOnOhhBHt+2SA==",
      "requires": {
        "@polkadot/rpc-core": "10.0.1",
        "@polkadot/types": "10.0.1",
        "@polkadot/util": "^11.0.1",
        "rxjs": "^7.8.0",
        "tslib": "^2.5.0"
      }
    },
    "@polkadot/api-derive": {
      "version": "10.0.1",
      "resolved": "https://registry.npmjs.org/@polkadot/api-derive/-/api-derive-10.0.1.tgz",
      "integrity": "sha512-btiE/ATJybKqBBYQvjujXZ+WrMfzwNvKRGI84cbEYnX4OHIo47O/v+zGQ2nUhbOfcJFa8FBU6dB9fMTBRl2R5g==",
      "requires": {
        "@polkadot/api": "10.0.1",
        "@polkadot/api-augment": "10.0.1",
        "@polkadot/api-base": "10.0.1",
        "@polkadot/rpc-core": "10.0.1",
        "@polkadot/types": "10.0.1",
        "@polkadot/types-codec": "10.0.1",
        "@polkadot/util": "^11.0.1",
        "@polkadot/util-crypto": "^11.0.1",
        "rxjs": "^7.8.0",
        "tslib": "^2.5.0"
      }
    },
    "@polkadot/keyring": {
      "version": "11.0.1",
      "resolved": "https://registry.npmjs.org/@polkadot/keyring/-/keyring-11.0.1.tgz",
      "integrity": "sha512-ypQs9cYp/WsmHPvnv4RowbVyZTdOg8rIvcHj6Ols3sqJbQXVn9rfWZTS2l341d9z4kJtmqwbSdKAVV0GT+Mj1A==",
      "requires": {
        "@polkadot/util": "11.0.1",
        "@polkadot/util-crypto": "11.0.1",
        "tslib": "^2.5.0"
      }
    },
    "@polkadot/networks": {
      "version": "11.0.1",
      "resolved": "https://registry.npmjs.org/@polkadot/networks/-/networks-11.0.1.tgz",
      "integrity": "sha512-el1qzqFVhZQry/m9Qriq/AcksXOKGwgl6Aq5RsjpRLLMJyxHjATTICOPdKoY5gxSnVayku/fd46eak31/O/MnA==",
      "requires": {
        "@polkadot/util": "11.0.1",
        "@substrate/ss58-registry": "^1.39.0",
        "tslib": "^2.5.0"
      }
    },
    "@polkadot/rpc-augment": {
      "version": "10.0.1",
      "resolved": "https://registry.npmjs.org/@polkadot/rpc-augment/-/rpc-augment-10.0.1.tgz",
      "integrity": "sha512-DZK4V99qIhtSS9gaYL5BjsFoa5DxIunO3emxvc5V0jm3o5ZNejGDwRCZNL/atIt5tGyjosU6cYMmVvvgLuQbzg==",
      "requires": {
        "@polkadot/rpc-core": "10.0.1",
        "@polkadot/types": "10.0.1",
        "@polkadot/types-codec": "10.0.1",
        "@polkadot/util": "^11.0.1",
        "tslib": "^2.5.0"
      }
    },
    "@polkadot/rpc-core": {
      "version": "10.0.1",
      "resolved": "https://registry.npmjs.org/@polkadot/rpc-core/-/rpc-core-10.0.1.tgz",
      "integrity": "sha512-HuWFttfQknSfB0Xff+svDP1rba5cwLyOhJ4EDPxz2QcyChTdOCzHBymD9GLKZJEaGp+IT4VOcUPwLDMml1TG1A==",
      "requires": {
        "@polkadot/rpc-augment": "10.0.1",
        "@polkadot/rpc-provider": "10.0.1",
        "@polkadot/types": "10.0.1",
        "@polkadot/util": "^11.0.1",
        "rxjs": "^7.8.0",
        "tslib": "^2.5.0"
      }
    },
    "@polkadot/rpc-provider": {
      "version": "10.0.1",
      "resolved": "https://registry.npmjs.org/@polkadot/rpc-provider/-/rpc-provider-10.0.1.tgz",
      "integrity": "sha512-kv6uShbKgBZtoRcsxTVxpzkjRUqcd/cctG0lEqpy2BZU8koCnSu3XhooifcTm8jO17EUuC4Mm/wfM0DQKmojmQ==",
      "requires": {
        "@polkadot/keyring": "^11.0.1",
        "@polkadot/types": "10.0.1",
        "@polkadot/types-support": "10.0.1",
        "@polkadot/util": "^11.0.1",
        "@polkadot/util-crypto": "^11.0.1",
        "@polkadot/x-fetch": "^11.0.1",
        "@polkadot/x-global": "^11.0.1",
        "@polkadot/x-ws": "^11.0.1",
        "@substrate/connect": "0.7.20",
        "eventemitter3": "^5.0.0",
        "mock-socket": "^9.2.1",
        "nock": "^13.3.0",
        "tslib": "^2.5.0"
      }
    },
    "@polkadot/types": {
      "version": "10.0.1",
      "resolved": "https://registry.npmjs.org/@polkadot/types/-/types-10.0.1.tgz",
      "integrity": "sha512-/ALKLIWulXJrK/nNEY8iXByZRwaq1uQiRzzFqwWgfGpnLVCHYljV5ZEi3QqeDjGJzywQYxqJB+bJSiUe0+iNvg==",
      "requires": {
        "@polkadot/keyring": "^11.0.1",
        "@polkadot/types-augment": "10.0.1",
        "@polkadot/types-codec": "10.0.1",
        "@polkadot/types-create": "10.0.1",
        "@polkadot/util": "^11.0.1",
        "@polkadot/util-crypto": "^11.0.1",
        "rxjs": "^7.8.0",
        "tslib": "^2.5.0"
      }
    },
    "@polkadot/types-augment": {
      "version": "10.0.1",
      "resolved": "https://registry.npmjs.org/@polkadot/types-augment/-/types-augment-10.0.1.tgz",
      "integrity": "sha512-PK7CmZwamJiqIIuyeEfV2a1KsEKAuviTH7DkDZWb1aH8495hNkKx88JeTwotjTG6xrkaFZcEqF7UbhXCQs2zOA==",
      "requires": {
        "@polkadot/types": "10.0.1",
        "@polkadot/types-codec": "10.0.1",
        "@polkadot/util": "^11.0.1",
        "tslib": "^2.5.0"
      }
    },
    "@polkadot/types-codec": {
      "version": "10.0.1",
      "resolved": "https://registry.npmjs.org/@polkadot/types-codec/-/types-codec-10.0.1.tgz",
      "integrity": "sha512-RrrEuc6PZID/VvIH+eZ6aqvpx7kjbFD58nsb/8ZQR57352EP4tVvR3arHsqh6j2WiM62uJ3zKT/rL8bCYVHjIw==",
      "requires": {
        "@polkadot/util": "^11.0.1",
        "@polkadot/x-bigint": "^11.0.1",
        "tslib": "^2.5.0"
      }
    },
    "@polkadot/types-create": {
      "version": "10.0.1",
      "resolved": "https://registry.npmjs.org/@polkadot/types-create/-/types-create-10.0.1.tgz",
      "integrity": "sha512-Sr4BmswhFGj09e727XeS4nOnrvkWwWSSaXAwLenwVOCK9UaevYw+jmc28HcYypL5+i8kT4jKyU+1av7UtJyOzg==",
      "requires": {
        "@polkadot/types-codec": "10.0.1",
        "@polkadot/util": "^11.0.1",
        "tslib": "^2.5.0"
      }
    },
    "@polkadot/types-known": {
      "version": "10.0.1",
      "resolved": "https://registry.npmjs.org/@polkadot/types-known/-/types-known-10.0.1.tgz",
      "integrity": "sha512-GoHnDS1yKwLmsEQX7xjcMNR5SvaszxGV7E5Jkgl16VOF3QmO13Vs19jz1bdyv4Dw6soKFI5XAUEJY9PoA0DDMg==",
      "requires": {
        "@polkadot/networks": "^11.0.1",
        "@polkadot/types": "10.0.1",
        "@polkadot/types-codec": "10.0.1",
        "@polkadot/types-create": "10.0.1",
        "@polkadot/util": "^11.0.1",
        "tslib": "^2.5.0"
      }
    },
    "@polkadot/types-support": {
      "version": "10.0.1",
      "resolved": "https://registry.npmjs.org/@polkadot/types-support/-/types-support-10.0.1.tgz",
      "integrity": "sha512-J5i4BM08/HZGBNQhN2X29eWPS8+Ie7n6O8L0y8IZ3rS0hkXU1V2SFd9X4LO8ADPGvT3JvPpQKESsq0f/Z5UbYQ==",
      "requires": {
        "@polkadot/util": "^11.0.1",
        "tslib": "^2.5.0"
      }
    },
    "@polkadot/util": {
      "version": "11.0.1",
      "resolved": "https://registry.npmjs.org/@polkadot/util/-/util-11.0.1.tgz",
      "integrity": "sha512-IMk3hPxIGzlAW6fhOigVPMvaW0E+dTMzO1IKnEATdhAJFKjaqU4K9Pwj79fj93xgM5Y8PkHV5sUPJKuce+u+4A==",
      "requires": {
        "@polkadot/x-bigint": "11.0.1",
        "@polkadot/x-global": "11.0.1",
        "@polkadot/x-textdecoder": "11.0.1",
        "@polkadot/x-textencoder": "11.0.1",
        "@types/bn.js": "^5.1.1",
        "bn.js": "^5.2.1",
        "tslib": "^2.5.0"
      }
    },
    "@polkadot/util-crypto": {
      "version": "11.0.1",
      "resolved": "https://registry.npmjs.org/@polkadot/util-crypto/-/util-crypto-11.0.1.tgz",
      "integrity": "sha512-IEircl43g6ZT9IqjzB1ttR7vK+/IaUar6l8yeU+Bn6x0TSS6tXyOJmXfVsXsqfLM58GIXY18mBZCTfhF/LwuKg==",
      "requires": {
        "@noble/hashes": "1.2.0",
        "@noble/secp256k1": "1.7.1",
        "@polkadot/networks": "11.0.1",
        "@polkadot/util": "11.0.1",
        "@polkadot/wasm-crypto": "^7.0.2",
        "@polkadot/x-bigint": "11.0.1",
        "@polkadot/x-randomvalues": "11.0.1",
        "@scure/base": "1.1.1",
        "ed2curve": "^0.3.0",
        "tslib": "^2.5.0",
        "tweetnacl": "^1.0.3"
      }
    },
    "@polkadot/wasm-bridge": {
      "version": "7.0.2",
      "resolved": "https://registry.npmjs.org/@polkadot/wasm-bridge/-/wasm-bridge-7.0.2.tgz",
      "integrity": "sha512-towgTgPG3FRLBRGPi4rLgdklouZxpedbwzUJ2s2CPrpCrbBxCsVn7Z36Wmr0qgLUTqzQEed3DFtluu5Od3EJLQ==",
      "requires": {
        "tslib": "^2.5.0"
      }
    },
    "@polkadot/wasm-crypto": {
      "version": "7.0.2",
      "resolved": "https://registry.npmjs.org/@polkadot/wasm-crypto/-/wasm-crypto-7.0.2.tgz",
      "integrity": "sha512-ETOl4OSAZMI8fzMR9f6uH8vid81CUIgJFZYLVkCwNS7kttdWHKO1EOGnlmuH0dzsEZ4YQOcfV4jx6fZ+2yS+YQ==",
      "requires": {
        "@polkadot/wasm-bridge": "7.0.2",
        "@polkadot/wasm-crypto-asmjs": "7.0.2",
        "@polkadot/wasm-crypto-init": "7.0.2",
        "@polkadot/wasm-crypto-wasm": "7.0.2",
        "@polkadot/wasm-util": "7.0.2",
        "tslib": "^2.5.0"
      }
    },
    "@polkadot/wasm-crypto-asmjs": {
      "version": "7.0.2",
      "resolved": "https://registry.npmjs.org/@polkadot/wasm-crypto-asmjs/-/wasm-crypto-asmjs-7.0.2.tgz",
      "integrity": "sha512-oSNp+vrnBlPf2CpXBjq+jxfzaCuem+hGgyNxEDlwkON1yyopHXxyHhChmFt6zbDXkcUa6+YEaH0XT94ZC94Qrg==",
      "requires": {
        "tslib": "^2.5.0"
      }
    },
    "@polkadot/wasm-crypto-init": {
      "version": "7.0.2",
      "resolved": "https://registry.npmjs.org/@polkadot/wasm-crypto-init/-/wasm-crypto-init-7.0.2.tgz",
      "integrity": "sha512-OQLelialR0swKp5iEisYJSP0nvs8FmchPt5juI6cRhn9k2jO+88c/s9Igh0Q+77wU5dhCT+tT4HqgilhJP4UHQ==",
      "requires": {
        "@polkadot/wasm-bridge": "7.0.2",
        "@polkadot/wasm-crypto-asmjs": "7.0.2",
        "@polkadot/wasm-crypto-wasm": "7.0.2",
        "tslib": "^2.5.0"
      }
    },
    "@polkadot/wasm-crypto-wasm": {
      "version": "7.0.2",
      "resolved": "https://registry.npmjs.org/@polkadot/wasm-crypto-wasm/-/wasm-crypto-wasm-7.0.2.tgz",
      "integrity": "sha512-e1UztCUZ9s9LRfu8AhnWZDrxNhsuPBOJdDmOqoqe1dHaBQpB/R4+v1NhT9nLRSOM/JmV6B1PIaehcRbkb++8KA==",
      "requires": {
        "@polkadot/wasm-util": "7.0.2",
        "tslib": "^2.5.0"
      }
    },
    "@polkadot/wasm-util": {
      "version": "7.0.2",
      "resolved": "https://registry.npmjs.org/@polkadot/wasm-util/-/wasm-util-7.0.2.tgz",
      "integrity": "sha512-N7bnZDNwUkjVO2WiJ6VvB0y8JS+CgiFTz6ofLxxSa/0HtBW1boCLrLxvp9EA0rh1+Ca212spLNM1GNkD/msMeg==",
      "requires": {
        "tslib": "^2.5.0"
      }
    },
    "@polkadot/x-bigint": {
      "version": "11.0.1",
      "resolved": "https://registry.npmjs.org/@polkadot/x-bigint/-/x-bigint-11.0.1.tgz",
      "integrity": "sha512-/Sbl5seEG5F7og6UsjYi+V7/LrVw5cRoXhs3oEv8MFh5yIzCXaTO8vLd06PHLkNwBUvEBtfrbhuVYi+FDTAP0g==",
      "requires": {
        "@polkadot/x-global": "11.0.1",
        "tslib": "^2.5.0"
      }
    },
    "@polkadot/x-fetch": {
      "version": "11.0.1",
      "resolved": "https://registry.npmjs.org/@polkadot/x-fetch/-/x-fetch-11.0.1.tgz",
      "integrity": "sha512-P1Dxof3F1y7vH44akgfaVk2+5bRtyxONxsX1hmcNH/QaFEXF49bDj2+asScxXXbDZyBfBdy847ec39w7tj2HIQ==",
      "requires": {
        "@polkadot/x-global": "11.0.1",
        "node-fetch": "^3.3.0",
        "tslib": "^2.5.0"
      }
    },
    "@polkadot/x-global": {
      "version": "11.0.1",
      "resolved": "https://registry.npmjs.org/@polkadot/x-global/-/x-global-11.0.1.tgz",
      "integrity": "sha512-K14xREFEH1OqFcoD8cabByuqarX0NRz/iUlYcUv2Xgs+CCk6xfgdjCbFFoTHH5bzNqIJrrEjAbOn3zL4Xm1W4g==",
      "requires": {
        "tslib": "^2.5.0"
      }
    },
    "@polkadot/x-randomvalues": {
      "version": "11.0.1",
      "resolved": "https://registry.npmjs.org/@polkadot/x-randomvalues/-/x-randomvalues-11.0.1.tgz",
      "integrity": "sha512-4WwmZ+uO2vyNWOB1EPUi47enuX7sftJi8maGkHVvJy0ZWWPvf4VzXkburVA8PX1if8uPJDL1/3SVdMjwPALWHQ==",
      "requires": {
        "@polkadot/x-global": "11.0.1",
        "tslib": "^2.5.0"
      }
    },
    "@polkadot/x-textdecoder": {
      "version": "11.0.1",
      "resolved": "https://registry.npmjs.org/@polkadot/x-textdecoder/-/x-textdecoder-11.0.1.tgz",
      "integrity": "sha512-uadRuBPGeZNDknOk9FQWgnzTiVE4tHmSl5cBO9g/UWurqbovme01rQGhgARp3x9jrRC0/3xxsAAR96VhPh1ftA==",
      "requires": {
        "@polkadot/x-global": "11.0.1",
        "tslib": "^2.5.0"
      }
    },
    "@polkadot/x-textencoder": {
      "version": "11.0.1",
      "resolved": "https://registry.npmjs.org/@polkadot/x-textencoder/-/x-textencoder-11.0.1.tgz",
      "integrity": "sha512-uzol/LRVxDQZNY/FLu0NpCsZLungIPdLG4FQjB4nBzJ1wW+z+AEuUHIVRJ87ohwikEB6yr20Prmz7g9kF4eB9g==",
      "requires": {
        "@polkadot/x-global": "11.0.1",
        "tslib": "^2.5.0"
      }
    },
    "@polkadot/x-ws": {
      "version": "11.0.1",
      "resolved": "https://registry.npmjs.org/@polkadot/x-ws/-/x-ws-11.0.1.tgz",
      "integrity": "sha512-L72dBHW6l6oLwixNL61kdGNmcaxgQNvrNL1sVTbG7ERZtUjH3oi7OdfiBvM7OKqwlDd5Ql+8lpKWtjInyXnfOA==",
      "requires": {
        "@polkadot/x-global": "11.0.1",
        "tslib": "^2.5.0",
        "ws": "^8.12.1"
      }
    },
    "@scure/base": {
      "version": "1.1.1",
      "resolved": "https://registry.npmjs.org/@scure/base/-/base-1.1.1.tgz",
      "integrity": "sha512-ZxOhsSyxYwLJj3pLZCefNitxsj093tb2vq90mp2txoYeBqbcjDjqFhyM8eUjq/uFm6zJ+mUuqxlS2FkuSY1MTA=="
    },
    "@substrate/connect": {
      "version": "0.7.20",
      "resolved": "https://registry.npmjs.org/@substrate/connect/-/connect-0.7.20.tgz",
      "integrity": "sha512-f/sMgGUikJxDaNMkQXCU/1WaMy0MLJB+KS+P+CpsIhWyxj2dOcph5YXjAJiIlgrZqHImV28RJnraxXBD3AlmLQ==",
      "optional": true,
      "requires": {
        "@substrate/connect-extension-protocol": "^1.0.1",
        "eventemitter3": "^4.0.7",
        "smoldot": "0.7.11"
      },
      "dependencies": {
        "eventemitter3": {
          "version": "4.0.7",
          "resolved": "https://registry.npmjs.org/eventemitter3/-/eventemitter3-4.0.7.tgz",
          "integrity": "sha512-8guHBZCwKnFhYdHr2ysuRWErTwhoN2X8XELRlrRwpmfeY2jjuUN4taQMsULKUVo1K4DvZl+0pgfyoysHxvmvEw==",
          "optional": true
        }
      }
    },
    "@substrate/connect-extension-protocol": {
      "version": "1.0.1",
      "resolved": "https://registry.npmjs.org/@substrate/connect-extension-protocol/-/connect-extension-protocol-1.0.1.tgz",
      "integrity": "sha512-161JhCC1csjH3GE5mPLEd7HbWtwNSPJBg3p1Ksz9SFlTzj/bgEwudiRN2y5i0MoLGCIJRYKyKGMxVnd29PzNjg==",
      "optional": true
    },
    "@substrate/ss58-registry": {
      "version": "1.39.0",
      "resolved": "https://registry.npmjs.org/@substrate/ss58-registry/-/ss58-registry-1.39.0.tgz",
      "integrity": "sha512-qZYpuE6n+mwew+X71dOur/CbMXj6rNW27o63JeJwdQH/GvcSKm3JLNhd+bGzwUKg0D/zD30Qc6p4JykArzM+tA=="
    },
    "@types/bn.js": {
      "version": "5.1.1",
      "resolved": "https://registry.npmjs.org/@types/bn.js/-/bn.js-5.1.1.tgz",
      "integrity": "sha512-qNrYbZqMx0uJAfKnKclPh+dTwK33KfLHYqtyODwd5HnXOjnkhc4qgn3BrK6RWyGZm5+sIFE7Q7Vz6QQtJB7w7g==",
      "requires": {
        "@types/node": "*"
      }
    },
    "@types/node": {
      "version": "18.14.6",
      "resolved": "https://registry.npmjs.org/@types/node/-/node-18.14.6.tgz",
      "integrity": "sha512-93+VvleD3mXwlLI/xASjw0FzKcwzl3OdTCzm1LaRfqgS21gfFtK3zDXM5Op9TeeMsJVOaJ2VRDpT9q4Y3d0AvA=="
    },
    "ansi-regex": {
      "version": "5.0.1",
      "resolved": "https://registry.npmjs.org/ansi-regex/-/ansi-regex-5.0.1.tgz",
      "integrity": "sha512-quJQXlTSUGL2LH9SUXo8VwsY4soanhgo6LNSm84E1LBcE8s3O0wpdiRzyR9z/ZZJMlMWv37qOOb9pdJlMUEKFQ=="
    },
    "ansi-styles": {
      "version": "4.3.0",
      "resolved": "https://registry.npmjs.org/ansi-styles/-/ansi-styles-4.3.0.tgz",
      "integrity": "sha512-zbB9rCJAT1rbjiVDb2hqKFHNYLxgtk8NURxZ3IZwD3F6NtxbXZQCnnSi1Lkx+IDohdPlFp222wVALIheZJQSEg==",
      "requires": {
        "color-convert": "^2.0.1"
      }
    },
    "bn.js": {
      "version": "5.2.1",
      "resolved": "https://registry.npmjs.org/bn.js/-/bn.js-5.2.1.tgz",
      "integrity": "sha512-eXRvHzWyYPBuB4NBy0cmYQjGitUrtqwbvlzP3G6VFnNRbsZQIxQ10PbKKHt8gZ/HW/D/747aDl+QkDqg3KQLMQ=="
    },
    "chalk": {
      "version": "4.1.2",
      "resolved": "https://registry.npmjs.org/chalk/-/chalk-4.1.2.tgz",
      "integrity": "sha512-oKnbhFyRIXpUuez8iBMmyEa4nbj4IOQyuhc/wy9kY7/WVPcwIO9VA668Pu8RkO7+0G76SLROeyw9CpQ061i4mA==",
      "requires": {
        "ansi-styles": "^4.1.0",
        "supports-color": "^7.1.0"
      }
    },
    "cli-progress": {
      "version": "3.9.1",
      "resolved": "https://registry.npmjs.org/cli-progress/-/cli-progress-3.9.1.tgz",
      "integrity": "sha512-AXxiCe2a0Lm0VN+9L0jzmfQSkcZm5EYspfqXKaSIQKqIk+0hnkZ3/v1E9B39mkD6vYhKih3c/RPsJBSwq9O99Q==",
      "requires": {
        "colors": "^1.1.2",
        "string-width": "^4.2.0"
      }
    },
    "color-convert": {
      "version": "2.0.1",
      "resolved": "https://registry.npmjs.org/color-convert/-/color-convert-2.0.1.tgz",
      "integrity": "sha512-RRECPsj7iu/xb5oKYcsFHSppFNnsj/52OVTRKb4zP5onXwVF3zVmmToNcOfGC+CRDpfK/U584fMg38ZHCaElKQ==",
      "requires": {
        "color-name": "~1.1.4"
      }
    },
    "color-name": {
      "version": "1.1.4",
      "resolved": "https://registry.npmjs.org/color-name/-/color-name-1.1.4.tgz",
      "integrity": "sha512-dOy+3AuW3a2wNbZHIuMZpTcgjGuLU/uBL/ubcZF9OXbDo8ff4O8yVp5Bf0efS8uEoYo5q4Fx7dY9OgQGXgAsQA=="
    },
    "colors": {
      "version": "1.4.0",
      "resolved": "https://registry.npmjs.org/colors/-/colors-1.4.0.tgz",
      "integrity": "sha512-a+UqTh4kgZg/SlGvfbzDHpgRu7AAQOmmqRHJnxhRZICKFUT91brVhNNt58CMWU9PsBbv3PDCZUHbVxuDiH2mtA=="
    },
    "data-uri-to-buffer": {
      "version": "4.0.1",
      "resolved": "https://registry.npmjs.org/data-uri-to-buffer/-/data-uri-to-buffer-4.0.1.tgz",
      "integrity": "sha512-0R9ikRb668HB7QDxT1vkpuUBtqc53YyAwMwGeUFKRojY/NWKvdZ+9UYtRfGmhqNbRkTSVpMbmyhXipFFv2cb/A=="
    },
    "debug": {
      "version": "4.3.4",
      "resolved": "https://registry.npmjs.org/debug/-/debug-4.3.4.tgz",
      "integrity": "sha512-PRWFHuSU3eDtQJPvnNY7Jcket1j0t5OuOsFzPPzsekD52Zl8qUfFIPEiswXqIvHWGVHOgX+7G/vCNNhehwxfkQ==",
      "requires": {
        "ms": "2.1.2"
      }
    },
    "dotenv": {
      "version": "10.0.0",
      "resolved": "https://registry.npmjs.org/dotenv/-/dotenv-10.0.0.tgz",
      "integrity": "sha512-rlBi9d8jpv9Sf1klPjNfFAuWDjKLwTIJJ/VxtoTwIR6hnZxcEOQCZg2oIL3MWBYw5GpUDKOEnND7LXTbIpQ03Q=="
    },
    "ed2curve": {
      "version": "0.3.0",
      "resolved": "https://registry.npmjs.org/ed2curve/-/ed2curve-0.3.0.tgz",
      "integrity": "sha512-8w2fmmq3hv9rCrcI7g9hms2pMunQr1JINfcjwR9tAyZqhtyaMN991lF/ZfHfr5tzZQ8c7y7aBgZbjfbd0fjFwQ==",
      "requires": {
        "tweetnacl": "1.x.x"
      }
    },
    "emoji-regex": {
      "version": "8.0.0",
      "resolved": "https://registry.npmjs.org/emoji-regex/-/emoji-regex-8.0.0.tgz",
      "integrity": "sha512-MSjYzcWNOA0ewAHpz0MxpYFvwg6yjy1NG3xteoqz644VCo/RPgnr1/GGt+ic3iJTzQ8Eu3TdM14SawnVUmGE6A=="
    },
    "eventemitter3": {
      "version": "5.0.0",
      "resolved": "https://registry.npmjs.org/eventemitter3/-/eventemitter3-5.0.0.tgz",
      "integrity": "sha512-riuVbElZZNXLeLEoprfNYoDSwTBRR44X3mnhdI1YcnENpWTCsTTVZ2zFuqQcpoyqPQIUXdiPEU0ECAq0KQRaHg=="
    },
    "fetch-blob": {
      "version": "3.2.0",
      "resolved": "https://registry.npmjs.org/fetch-blob/-/fetch-blob-3.2.0.tgz",
      "integrity": "sha512-7yAQpD2UMJzLi1Dqv7qFYnPbaPx7ZfFK6PiIxQ4PfkGPyNyl2Ugx+a/umUonmKqjhM4DnfbMvdX6otXq83soQQ==",
      "requires": {
        "node-domexception": "^1.0.0",
        "web-streams-polyfill": "^3.0.3"
      }
    },
    "formdata-polyfill": {
      "version": "4.0.10",
      "resolved": "https://registry.npmjs.org/formdata-polyfill/-/formdata-polyfill-4.0.10.tgz",
      "integrity": "sha512-buewHzMvYL29jdeQTVILecSaZKnt/RJWjoZCF5OW60Z67/GmSLBkOFM7qh1PI3zFNtJbaZL5eQu1vLfazOwj4g==",
      "requires": {
        "fetch-blob": "^3.1.2"
      }
    },
    "has-flag": {
      "version": "4.0.0",
      "resolved": "https://registry.npmjs.org/has-flag/-/has-flag-4.0.0.tgz",
      "integrity": "sha512-EykJT/Q1KjTWctppgIAgfSO0tKVuZUjhgMr17kqTumMl6Afv3EISleU7qZUzoXDFTAHTDC4NOoG/ZxU3EvlMPQ=="
    },
    "is-fullwidth-code-point": {
      "version": "3.0.0",
      "resolved": "https://registry.npmjs.org/is-fullwidth-code-point/-/is-fullwidth-code-point-3.0.0.tgz",
      "integrity": "sha512-zymm5+u+sCsSWyD9qNaejV3DFvhCKclKdizYaJUuHA83RLjb7nSuGnddCHGv0hk+KY7BMAlsWeK4Ueg6EV6XQg=="
    },
    "json-stringify-safe": {
      "version": "5.0.1",
      "resolved": "https://registry.npmjs.org/json-stringify-safe/-/json-stringify-safe-5.0.1.tgz",
      "integrity": "sha512-ZClg6AaYvamvYEE82d3Iyd3vSSIjQ+odgjaTzRuO3s7toCdFKczob2i0zCh7JE8kWn17yvAWhUVxvqGwUalsRA=="
    },
    "lodash": {
      "version": "4.17.21",
      "resolved": "https://registry.npmjs.org/lodash/-/lodash-4.17.21.tgz",
      "integrity": "sha512-v2kDEe57lecTulaDIuNTPy3Ry4gLGJ6Z1O3vE1krgXZNrsQ+LFTGHVxVjcXPs17LhbZVGedAJv8XZ1tvj5FvSg=="
    },
    "mock-socket": {
      "version": "9.2.1",
      "resolved": "https://registry.npmjs.org/mock-socket/-/mock-socket-9.2.1.tgz",
      "integrity": "sha512-aw9F9T9G2zpGipLLhSNh6ZpgUyUl4frcVmRN08uE1NWPWg43Wx6+sGPDbQ7E5iFZZDJW5b5bypMeAEHqTbIFag=="
    },
    "ms": {
      "version": "2.1.2",
      "resolved": "https://registry.npmjs.org/ms/-/ms-2.1.2.tgz",
      "integrity": "sha512-sGkPx+VjMtmA6MX27oA4FBFELFCZZ4S4XqeGOXCv68tT+jb3vk/RyaKWP0PTKyWtmLSM0b+adUTEvbs1PEaH2w=="
    },
    "nock": {
      "version": "13.3.0",
      "resolved": "https://registry.npmjs.org/nock/-/nock-13.3.0.tgz",
      "integrity": "sha512-HHqYQ6mBeiMc+N038w8LkMpDCRquCHWeNmN3v6645P3NhN2+qXOBqvPqo7Rt1VyCMzKhJ733wZqw5B7cQVFNPg==",
      "requires": {
        "debug": "^4.1.0",
        "json-stringify-safe": "^5.0.1",
        "lodash": "^4.17.21",
        "propagate": "^2.0.0"
      }
    },
    "node-domexception": {
      "version": "1.0.0",
      "resolved": "https://registry.npmjs.org/node-domexception/-/node-domexception-1.0.0.tgz",
      "integrity": "sha512-/jKZoMpw0F8GRwl4/eLROPA3cfcXtLApP0QzLmUT/HuPCZWyB7IY9ZrMeKw2O/nFIqPQB3PVM9aYm0F312AXDQ=="
    },
    "node-fetch": {
      "version": "3.3.0",
      "resolved": "https://registry.npmjs.org/node-fetch/-/node-fetch-3.3.0.tgz",
      "integrity": "sha512-BKwRP/O0UvoMKp7GNdwPlObhYGB5DQqwhEDQlNKuoqwVYSxkSZCSbHjnFFmUEtwSKRPU4kNK8PbDYYitwaE3QA==",
      "requires": {
        "data-uri-to-buffer": "^4.0.0",
        "fetch-blob": "^3.1.4",
        "formdata-polyfill": "^4.0.10"
      }
    },
    "pako": {
      "version": "2.1.0",
      "resolved": "https://registry.npmjs.org/pako/-/pako-2.1.0.tgz",
      "integrity": "sha512-w+eufiZ1WuJYgPXbV/PO3NCMEc3xqylkKHzp8bxp1uW4qaSNQUkwmLLEc3kKsfz8lpV1F8Ht3U1Cm+9Srog2ug==",
      "optional": true
    },
    "propagate": {
      "version": "2.0.1",
      "resolved": "https://registry.npmjs.org/propagate/-/propagate-2.0.1.tgz",
      "integrity": "sha512-vGrhOavPSTz4QVNuBNdcNXePNdNMaO1xj9yBeH1ScQPjk/rhg9sSlCXPhMkFuaNNW/syTvYqsnbIJxMBfRbbag=="
    },
    "rxjs": {
      "version": "7.8.0",
      "resolved": "https://registry.npmjs.org/rxjs/-/rxjs-7.8.0.tgz",
      "integrity": "sha512-F2+gxDshqmIub1KdvZkaEfGDwLNpPvk9Fs6LD/MyQxNgMds/WH9OdDDXOmxUZpME+iSK3rQCctkL0DYyytUqMg==",
      "requires": {
        "tslib": "^2.1.0"
      }
    },
    "smoldot": {
      "version": "0.7.11",
      "resolved": "https://registry.npmjs.org/smoldot/-/smoldot-0.7.11.tgz",
      "integrity": "sha512-aE1led154FJ2/jrXKv2HLKdNIyvYJG6H2ZmKYFS++kW1OAcTQ6idDy3fzAI1VdydLDYK0YbKUsj7SJDmrjsS3g==",
      "optional": true,
      "requires": {
        "pako": "^2.0.4",
        "ws": "^8.8.1"
      }
    },
    "string-width": {
      "version": "4.2.2",
      "resolved": "https://registry.npmjs.org/string-width/-/string-width-4.2.2.tgz",
      "integrity": "sha512-XBJbT3N4JhVumXE0eoLU9DCjcaF92KLNqTmFCnG1pf8duUxFGwtP6AD6nkjw9a3IdiRtL3E2w3JDiE/xi3vOeA==",
      "requires": {
        "emoji-regex": "^8.0.0",
        "is-fullwidth-code-point": "^3.0.0",
        "strip-ansi": "^6.0.0"
      }
    },
    "strip-ansi": {
      "version": "6.0.0",
      "resolved": "https://registry.npmjs.org/strip-ansi/-/strip-ansi-6.0.0.tgz",
      "integrity": "sha512-AuvKTrTfQNYNIctbR1K/YGTR1756GycPsg7b9bdV9Duqur4gv6aKqHXah67Z8ImS7WEz5QVcOtlfW2rZEugt6w==",
      "requires": {
        "ansi-regex": "^5.0.0"
      }
    },
    "supports-color": {
      "version": "7.2.0",
      "resolved": "https://registry.npmjs.org/supports-color/-/supports-color-7.2.0.tgz",
      "integrity": "sha512-qpCAvRl9stuOHveKsn7HncJRvv501qIacKzQlO/+Lwxc9+0q2wLyv4Dfvt80/DPn2pqOBsJdDiogXGR9+OvwRw==",
      "requires": {
        "has-flag": "^4.0.0"
      }
    },
    "tslib": {
      "version": "2.5.0",
      "resolved": "https://registry.npmjs.org/tslib/-/tslib-2.5.0.tgz",
      "integrity": "sha512-336iVw3rtn2BUK7ORdIAHTyxHGRIHVReokCR3XjbckJMK7ms8FysBfhLR8IXnAgy7T0PTPNBWKiH514FOW/WSg=="
    },
    "tweetnacl": {
      "version": "1.0.3",
      "resolved": "https://registry.npmjs.org/tweetnacl/-/tweetnacl-1.0.3.tgz",
      "integrity": "sha512-6rt+RN7aOi1nGMyC4Xa5DdYiukl2UWCbcJft7YhxReBGQD7OAM8Pbxw6YMo4r2diNEA8FEmu32YOn9rhaiE5yw=="
    },
    "web-streams-polyfill": {
      "version": "3.2.1",
      "resolved": "https://registry.npmjs.org/web-streams-polyfill/-/web-streams-polyfill-3.2.1.tgz",
      "integrity": "sha512-e0MO3wdXWKrLbL0DgGnUV7WHVuw9OUvL4hjgnPkIeEvESk74gAITi5G606JtZPp39cd8HA9VQzCIvA49LpPN5Q=="
    },
    "ws": {
      "version": "8.12.1",
      "resolved": "https://registry.npmjs.org/ws/-/ws-8.12.1.tgz",
      "integrity": "sha512-1qo+M9Ba+xNhPB+YTWUlK6M17brTut5EXbcBaMRN5pH5dFrXz7lzz1ChFSUq3bOUl8yEvSenhHmYUNJxFzdJew=="
    }
  }
}
